# THIS IS AN AUTOGENERATED FILE. DO NOT EDIT THIS FILE DIRECTLY.
# yarn lockfile v1


"@esbuild/linux-loong64@0.14.54":
  version "0.14.54"
  resolved "https://registry.yarnpkg.com/@esbuild/linux-loong64/-/linux-loong64-0.14.54.tgz#de2a4be678bd4d0d1ffbb86e6de779cde5999028"
  integrity sha512-bZBrLAIX1kpWelV0XemxBZllyRmM6vgFQQG2GdNb+r3Fkp0FOh1NJSvekXDs7jq70k4euu1cryLMfU+mTXlEpw==

"@fortawesome/fontawesome-free@^5.15.4":
  version "5.15.4"
  resolved "https://registry.yarnpkg.com/@fortawesome/fontawesome-free/-/fontawesome-free-5.15.4.tgz#ecda5712b61ac852c760d8b3c79c96adca5554e5"
  integrity sha512-eYm8vijH/hpzr/6/1CJ/V/Eb1xQFW2nnUKArb3z+yUWv7HTwj6M7SP957oMjfZjAHU6qpoNc2wQvIxBLWYa/Jg==

"@hotwired/turbo-rails@^8.0.12":
  version "8.0.12"
  resolved "https://registry.yarnpkg.com/@hotwired/turbo-rails/-/turbo-rails-8.0.12.tgz#6f1a2661122c0a2bf717f3bc68b5106638798c89"
  integrity sha512-ZXwu9ez+Gd4RQNeHIitqOQgi/LyqY8J4JqsUN0nnYiZDBRq7IreeFdMbz29VdJpIsmYqwooE4cFzPU7QvJkQkA==
  dependencies:
    "@hotwired/turbo" "^8.0.12"
    "@rails/actioncable" "^7.0"

"@hotwired/turbo@^8.0.12":
  version "8.0.12"
  resolved "https://registry.yarnpkg.com/@hotwired/turbo/-/turbo-8.0.12.tgz#50aa8345d7f62402680c6d2d9814660761837001"
  integrity sha512-l3BiQRkD7qrnQv6ms6sqPLczvwbQpXt5iAVwjDvX0iumrz6yEonQkNAzNjeDX25/OJMFDTxpHjkJZHGpM9ikWw==

"@popperjs/core@^2.11.8":
  version "2.11.8"
  resolved "https://registry.yarnpkg.com/@popperjs/core/-/core-2.11.8.tgz#6b79032e760a0899cd4204710beede972a3a185f"
  integrity sha512-P1st0aksCrn9sGZhp8GMYwBnQsbvAWsZAX44oXNNvLHGqAOcoVxmjZiohstwQ7SqKnbR47akdNi+uleWD8+g6A==

"@rails/actioncable@^7.0":
  version "7.2.200"
  resolved "https://registry.yarnpkg.com/@rails/actioncable/-/actioncable-7.2.200.tgz#7f56b3313762dbb85b64490aa33c5f431419aafd"
  integrity sha512-gVmi3MabEa+Bkatvw0/k1Y3WTidcIf3qNbb9L8qc+AmT2UmkVqUZhJpSLvKmH10twCYIGzn7yySW/lOpg81Duw==

"@rails/ujs@^7.0.1":
  version "7.1.500"
  resolved "https://registry.yarnpkg.com/@rails/ujs/-/ujs-7.1.500.tgz#84bb037b6a823ec7fb7782a2ac03452deb505128"
  integrity sha512-PfPtQrxFOn55RlJ4ygXkcIHFkoPO1JMTRJcSdPb0EavcSZ3Ekl9ujAAPrrqj2zKwkbe0pGGR79RJhnUr5ngQjw==

"@transloadit/prettier-bytes@^0.3.4":
  version "0.3.5"
  resolved "https://registry.yarnpkg.com/@transloadit/prettier-bytes/-/prettier-bytes-0.3.5.tgz#0cca83975293e3f4990229914942c69714122ede"
  integrity sha512-xF4A3d/ZyX2LJWeQZREZQw+qFX4TGQ8bGVP97OLRt6sPO6T0TNHBFTuRHOJh7RNmYOBmQ9MHxpolD9bXihpuVA==

"@types/jquery@^3.5.16":
  version "3.5.32"
  resolved "https://registry.yarnpkg.com/@types/jquery/-/jquery-3.5.32.tgz#3eb0da20611b92c7c49ebed6163b52a4fdc57def"
  integrity sha512-b9Xbf4CkMqS02YH8zACqN1xzdxc3cO735Qe5AbSUFmyOiaWAbcpqh9Wna+Uk0vgACvoQHpWDg2rGdHkYPLmCiQ==
  dependencies:
    "@types/sizzle" "*"

"@types/retry@0.12.2":
  version "0.12.2"
  resolved "https://registry.yarnpkg.com/@types/retry/-/retry-0.12.2.tgz#ed279a64fa438bb69f2480eda44937912bb7480a"
  integrity sha512-XISRgDJ2Tc5q4TRqvgJtzsRkFYNJzZrhTdtMoGVBttwzzQJkPnS3WWTFc7kuDRoPtPakl+T+OfdEUjYJj7Jbow==

"@types/sizzle@*":
  version "2.3.9"
  resolved "https://registry.yarnpkg.com/@types/sizzle/-/sizzle-2.3.9.tgz#d4597dbd4618264c414d7429363e3f50acb66ea2"
  integrity sha512-xzLEyKB50yqCUPUJkIsrVvoWNfFUbIZI+RspLWt8u+tIW/BetMBZtgV2LY/2o+tYH8dRvQ+eoPf3NdhQCcLE2w==

"@uppy/companion-client@^4.1.1":
  version "4.1.1"
  resolved "https://registry.yarnpkg.com/@uppy/companion-client/-/companion-client-4.1.1.tgz#c45ada22d00d26757a1a91ce44472fa319d549dc"
  integrity sha512-MotCCdnyiLyw34LeyDd8NMxrjD6jvCJA8UCI8eiP2lpLjwJJYyCB2Z0VyO/Wn4yFdh5un2NKwQmtGE0AENHN6Q==
  dependencies:
    "@uppy/utils" "^6.0.4"
    namespace-emitter "^2.0.1"
    p-retry "^6.1.0"

"@uppy/core@^4.0":
  version "4.2.3"
  resolved "https://registry.yarnpkg.com/@uppy/core/-/core-4.2.3.tgz#32880674431eb6169dcf803300df8ba4a35dd0d5"
  integrity sha512-JSZiTZksrIZeATAtq9+QxXiPl7snfA5HbCn8uL20WJJxLqSff5ctnKmjvj0QmtwctPli00YrryDvEhCMhgmP7g==
  dependencies:
    "@transloadit/prettier-bytes" "^0.3.4"
    "@uppy/store-default" "^4.1.1"
    "@uppy/utils" "^6.0.4"
    lodash "^4.17.21"
    mime-match "^1.0.2"
    namespace-emitter "^2.0.1"
    nanoid "^5.0.0"
    preact "^10.5.13"

"@uppy/dashboard@^4.0":
  version "4.1.2"
  resolved "https://registry.yarnpkg.com/@uppy/dashboard/-/dashboard-4.1.2.tgz#7cc17c5ad8feee40b765300c12dceeb62570edad"
  integrity sha512-XXDRtBu6Z8b9k4pWy5AbgSVJ4jDCwXpi91SAnxtxuP7rXOVzOKhW8DUGAYoD25ha2YxMugE7oBQ50iVhyWiWhg==
  dependencies:
    "@transloadit/prettier-bytes" "^0.3.4"
    "@uppy/informer" "^4.1.1"
    "@uppy/provider-views" "^4.0.2"
    "@uppy/status-bar" "^4.0.4"
    "@uppy/thumbnail-generator" "^4.0.1"
    "@uppy/utils" "^6.0.4"
    classnames "^2.2.6"
    lodash "^4.17.21"
    memoize-one "^6.0.0"
    nanoid "^5.0.0"
    preact "^10.5.13"
    shallow-equal "^3.0.0"

"@uppy/informer@^4.1.1":
  version "4.1.1"
  resolved "https://registry.yarnpkg.com/@uppy/informer/-/informer-4.1.1.tgz#f3ed7679682f85870c17e01fb646143410b1b913"
  integrity sha512-RRNCw4Z9EVeuYH+U6LKKPmeC78hLUESSIjMlXpJzxPZCqOdpERVEH5Lslg1TZELb5q1ezHFC3pKRxHS++SBcAg==
  dependencies:
    "@uppy/utils" "^6.0.4"
    preact "^10.5.13"

"@uppy/provider-views@^4.0.2":
  version "4.0.2"
  resolved "https://registry.yarnpkg.com/@uppy/provider-views/-/provider-views-4.0.2.tgz#f9a27cdb1f53110a2904b4a76ab770e6b8c786ed"
  integrity sha512-slJn+ivU3wnrJAbfDdtx2rzkl12hR9xmn80+M6xx3l0XnwKkaDLcqYYMkzirjrWGuJaKJpqPT6e3J2BZtHdxag==
  dependencies:
    "@uppy/utils" "^6.0.4"
    classnames "^2.2.6"
    nanoid "^5.0.0"
    p-queue "^8.0.0"
    preact "^10.5.13"

"@uppy/status-bar@^4.0.4":
  version "4.0.4"
  resolved "https://registry.yarnpkg.com/@uppy/status-bar/-/status-bar-4.0.4.tgz#0f1c560ef18e5ff8a2418dd26124af818139d8ef"
  integrity sha512-Q5bYzB9D167ZrlMrQNjWsh4LCrqWiXAxKvl+Dis3mv+Khltk/n6naWN28I894spfwGHhcuMazKXIb3pO90xjKA==
  dependencies:
    "@transloadit/prettier-bytes" "^0.3.4"
    "@uppy/utils" "^6.0.4"
    classnames "^2.2.6"
    preact "^10.5.13"

"@uppy/store-default@^4.1.1":
  version "4.1.1"
  resolved "https://registry.yarnpkg.com/@uppy/store-default/-/store-default-4.1.1.tgz#ba2a84bcb637900e7fe33dd84b23b2b81a993672"
  integrity sha512-VP02Q44Cziw8mLH6v2txToqF2SwsNr+jSxpkvcC7/EaZhG26XnseTd3Ydv2wYxv7YALQY2xhF2/LCXZzzx4fYQ==

"@uppy/thumbnail-generator@^4.0.1":
  version "4.0.1"
  resolved "https://registry.yarnpkg.com/@uppy/thumbnail-generator/-/thumbnail-generator-4.0.1.tgz#d909797b018a4b87874069c39cfaa8c94068024b"
  integrity sha512-43TA7hgo/rD1brLWQbcvniVIa0tpJz+KhwrxKaqviar53scDzARe0WcU56rSLokPZeojs3TXR4thuaqU14ZYFw==
  dependencies:
    "@uppy/utils" "^6.0.4"
    exifr "^7.0.0"

"@uppy/utils@^6.0.4":
  version "6.0.4"
  resolved "https://registry.yarnpkg.com/@uppy/utils/-/utils-6.0.4.tgz#9487976324f10cd1ef698e346c3b5afbe0d083cb"
  integrity sha512-EIp1//8+cw7DHPGix8sTp1G1OVopJlC2+p9upKrXXrmvRLFM00n1Xcd2JIZRE89PsrXgQzWdGYeeosCzoPZB2w==
  dependencies:
    lodash "^4.17.21"
    preact "^10.5.13"

"@uppy/xhr-upload@^4.0":
  version "4.2.2"
  resolved "https://registry.yarnpkg.com/@uppy/xhr-upload/-/xhr-upload-4.2.2.tgz#715d0ec04093fe2485918482bd94a7fc99ef8199"
  integrity sha512-ObtHme+0KofQui+Mg35PErLNYOR1Ci0Voiwu9EPoD8rGkoOYl6K+PdesmBOaj+q47b1Q5wCw+iHu4bitviR2qw==
  dependencies:
    "@uppy/companion-client" "^4.1.1"
    "@uppy/utils" "^6.0.4"

ace-code@^1.35.0:
  version "1.36.5"
  resolved "https://registry.yarnpkg.com/ace-code/-/ace-code-1.36.5.tgz#d48727f4a6c05b09d7e4119cceb9f088c9caab34"
  integrity sha512-DNdkKEHBMiAJowX5hE8GC/2zj0FLax9wD4TkKXgKQQgJ3U17x7aqkX2dplSa8e1vB3K8Zuib3wVntnIKWnSNUQ==

anymatch@~3.1.2:
  version "3.1.3"
  resolved "https://registry.yarnpkg.com/anymatch/-/anymatch-3.1.3.tgz#790c58b19ba1720a84205b57c618d5ad8524973e"
  integrity sha512-KMReFUr0B4t+D+OBkjR3KYqvocp2XaSzO55UcB6mgQMd3KbcE+mWTyvVV7D/zsdEbNnV6acZUutkiHQXvTr1Rw==
  dependencies:
    normalize-path "^3.0.0"
    picomatch "^2.0.4"

binary-extensions@^2.0.0:
  version "2.3.0"
  resolved "https://registry.yarnpkg.com/binary-extensions/-/binary-extensions-2.3.0.tgz#f6e14a97858d327252200242d4ccfe522c445522"
  integrity sha512-Ceh+7ox5qe7LJuLHoY0feh3pHuUDHAcRUeyL2VYghZwfpkNIy/+8Ocg0a3UuSoYzavmylwuLWQOf3hl0jjMMIw==

bootstrap@^5.0.2:
  version "5.3.3"
  resolved "https://registry.yarnpkg.com/bootstrap/-/bootstrap-5.3.3.tgz#de35e1a765c897ac940021900fcbb831602bac38"
  integrity sha512-8HLCdWgyoMguSO9o+aH+iuZ+aht+mzW0u3HIMzVu7Srrpv7EBBxTnrFlSCskwdY1+EOFQSm7uMJhNQHkdPcmjg==

braces@~3.0.2:
  version "3.0.3"
  resolved "https://registry.yarnpkg.com/braces/-/braces-3.0.3.tgz#490332f40919452272d55a8480adc0c441358789"
  integrity sha512-yQbXgO/OSZVD2IsiLlro+7Hf6Q18EJrKSEsdoMzKePKXct3gvD8oLcOQdIzGupr5Fj+EDe8gO/lxc1BzfMpxvA==
  dependencies:
    fill-range "^7.1.1"

"chokidar@>=3.0.0 <4.0.0":
  version "3.6.0"
  resolved "https://registry.yarnpkg.com/chokidar/-/chokidar-3.6.0.tgz#197c6cc669ef2a8dc5e7b4d97ee4e092c3eb0d5b"
  integrity sha512-7VT13fmjotKpGipCW9JEQAusEPE+Ei8nl6/g4FBAmIm0GOOLMua9NDDo/DWp0ZAxCr3cPq5ZpBqmPAQgDda2Pw==
  dependencies:
    anymatch "~3.1.2"
    braces "~3.0.2"
    glob-parent "~5.1.2"
    is-binary-path "~2.1.0"
    is-glob "~4.0.1"
    normalize-path "~3.0.0"
    readdirp "~3.6.0"
  optionalDependencies:
    fsevents "~2.3.2"

classnames@^2.2.6:
  version "2.5.1"
  resolved "https://registry.yarnpkg.com/classnames/-/classnames-2.5.1.tgz#ba774c614be0f016da105c858e7159eae8e7687b"
  integrity sha512-saHYOzhIQs6wy2sVxTM6bUDsQO4F50V9RQ22qBpEdCW+I+/Wmke2HOl6lS6dTpdxVhb88/I6+Hs+438c3lfUow==

clipboard@^2.0.8:
  version "2.0.11"
  resolved "https://registry.yarnpkg.com/clipboard/-/clipboard-2.0.11.tgz#62180360b97dd668b6b3a84ec226975762a70be5"
  integrity sha512-C+0bbOqkezLIsmWSvlsXS0Q0bmkugu7jcfMIACB+RDEntIzQIkdr148we28AfSloQLRdZlYL/QYyrq05j/3Faw==
  dependencies:
    good-listener "^1.2.2"
    select "^1.1.2"
    tiny-emitter "^2.0.0"

datatables.net-bs4@^1.10.24, datatables.net-bs4@^1.13.0:
  version "1.13.11"
  resolved "https://registry.yarnpkg.com/datatables.net-bs4/-/datatables.net-bs4-1.13.11.tgz#b31b9006f1901746e6c835925523608bd0a29025"
  integrity sha512-1LnxzQDFKpwvBETc8wtUtQ+pUXhs6NJomNST5pRzzHAccckkj9rZeOp3mevKDnDJKuNhBM1Y0rIeZGylJnqh9A==
  dependencies:
    datatables.net "1.13.11"
    jquery "1.8 - 4"

datatables.net-bs@^1.10.23:
  version "1.13.11"
  resolved "https://registry.yarnpkg.com/datatables.net-bs/-/datatables.net-bs-1.13.11.tgz#e7ff1bf71c275d5d68098165522a67919fbea858"
  integrity sha512-oZeXzC2Z+pZc9Wpil6XuuwMPMfllSd+hWEauhKr8q7bTM5fGuBKzAVzSr7Tuo1OzMBZ6NkAb+HSBGCGUn5Qbhg==
  dependencies:
    datatables.net "1.13.11"
    jquery "1.8 - 4"

datatables.net-plugins@^1.10.24:
  version "1.13.6"
  resolved "https://registry.yarnpkg.com/datatables.net-plugins/-/datatables.net-plugins-1.13.6.tgz#7b0af0675083e2c669ccd09ef7c86878d6c9638d"
  integrity sha512-CPLH+09OiEAP3PKbZH7u2qcLajgHhy4fBHCdLzjGWJwKbIkhaPu7tby4jZHQXqoolUznbm3TEpJj4eMI1eqcGw==
  dependencies:
    "@types/jquery" "^3.5.16"
    datatables.net "^1.13.2"

datatables.net-select-bs4@^1.3.3:
  version "1.7.1"
  resolved "https://registry.yarnpkg.com/datatables.net-select-bs4/-/datatables.net-select-bs4-1.7.1.tgz#3ddd63bd69426e3fd1bc20dfd7c019305d24ccb1"
  integrity sha512-iHG4C8RdJIpsGIGDCXofUflHN1fa2N0E83MZPuqQXh1ZBkeJzd700rnru2mJXbvFc+wM9vf0Xxr6C5YsYFprgA==
  dependencies:
    datatables.net-bs4 "^1.13.0"
    datatables.net-select "1.7.1"
    jquery ">=1.7"

datatables.net-select@1.7.1, datatables.net-select@^1.3.3:
  version "1.7.1"
  resolved "https://registry.yarnpkg.com/datatables.net-select/-/datatables.net-select-1.7.1.tgz#1b309b1ff92c25e5ce4b9d5af19186bdf9b34597"
  integrity sha512-yC+GoBDVsnbaFTYKmZ2v5Bftc66zSZCYHbPYZb/ccdvxytEEudjc9R3wn6fgkOrVx3C2X/8keQc4a7EJvdOErg==
  dependencies:
    datatables.net "^1.13.0"
    jquery ">=1.7"

datatables.net@1.13.11, datatables.net@^1.13.0, datatables.net@^1.13.2:
  version "1.13.11"
  resolved "https://registry.yarnpkg.com/datatables.net/-/datatables.net-1.13.11.tgz#e2a4c8b50553512f241ebfcbc078d74d551183b2"
  integrity sha512-AE6RkMXziRaqzPcu/pl3SJXeRa6fmXQG/fVjuRESujvkzqDCYEeKTTpPMuVJSGYJpPi32WGSphVNNY1G4nSN/g==
  dependencies:
    jquery "1.8 - 4"

delegate@^3.1.2:
  version "3.2.0"
  resolved "https://registry.yarnpkg.com/delegate/-/delegate-3.2.0.tgz#b66b71c3158522e8ab5744f720d8ca0c2af59166"
  integrity sha512-IofjkYBZaZivn0V8nnsMJGBr4jVLxHDheKSW88PyxS5QC4Vo9ZbZVvhzlSxY87fVq3STR6r+4cGepyHkcWOQSw==

esbuild-android-64@0.14.54:
  version "0.14.54"
  resolved "https://registry.yarnpkg.com/esbuild-android-64/-/esbuild-android-64-0.14.54.tgz#505f41832884313bbaffb27704b8bcaa2d8616be"
  integrity sha512-Tz2++Aqqz0rJ7kYBfz+iqyE3QMycD4vk7LBRyWaAVFgFtQ/O8EJOnVmTOiDWYZ/uYzB4kvP+bqejYdVKzE5lAQ==

esbuild-android-arm64@0.14.54:
  version "0.14.54"
  resolved "https://registry.yarnpkg.com/esbuild-android-arm64/-/esbuild-android-arm64-0.14.54.tgz#8ce69d7caba49646e009968fe5754a21a9871771"
  integrity sha512-F9E+/QDi9sSkLaClO8SOV6etqPd+5DgJje1F9lOWoNncDdOBL2YF59IhsWATSt0TLZbYCf3pNlTHvVV5VfHdvg==

esbuild-darwin-64@0.14.54:
  version "0.14.54"
  resolved "https://registry.yarnpkg.com/esbuild-darwin-64/-/esbuild-darwin-64-0.14.54.tgz#24ba67b9a8cb890a3c08d9018f887cc221cdda25"
  integrity sha512-jtdKWV3nBviOd5v4hOpkVmpxsBy90CGzebpbO9beiqUYVMBtSc0AL9zGftFuBon7PNDcdvNCEuQqw2x0wP9yug==

esbuild-darwin-arm64@0.14.54:
  version "0.14.54"
  resolved "https://registry.yarnpkg.com/esbuild-darwin-arm64/-/esbuild-darwin-arm64-0.14.54.tgz#3f7cdb78888ee05e488d250a2bdaab1fa671bf73"
  integrity sha512-OPafJHD2oUPyvJMrsCvDGkRrVCar5aVyHfWGQzY1dWnzErjrDuSETxwA2HSsyg2jORLY8yBfzc1MIpUkXlctmw==

esbuild-freebsd-64@0.14.54:
  version "0.14.54"
  resolved "https://registry.yarnpkg.com/esbuild-freebsd-64/-/esbuild-freebsd-64-0.14.54.tgz#09250f997a56ed4650f3e1979c905ffc40bbe94d"
  integrity sha512-OKwd4gmwHqOTp4mOGZKe/XUlbDJ4Q9TjX0hMPIDBUWWu/kwhBAudJdBoxnjNf9ocIB6GN6CPowYpR/hRCbSYAg==

esbuild-freebsd-arm64@0.14.54:
  version "0.14.54"
  resolved "https://registry.yarnpkg.com/esbuild-freebsd-arm64/-/esbuild-freebsd-arm64-0.14.54.tgz#bafb46ed04fc5f97cbdb016d86947a79579f8e48"
  integrity sha512-sFwueGr7OvIFiQT6WeG0jRLjkjdqWWSrfbVwZp8iMP+8UHEHRBvlaxL6IuKNDwAozNUmbb8nIMXa7oAOARGs1Q==

esbuild-linux-32@0.14.54:
  version "0.14.54"
  resolved "https://registry.yarnpkg.com/esbuild-linux-32/-/esbuild-linux-32-0.14.54.tgz#e2a8c4a8efdc355405325033fcebeb941f781fe5"
  integrity sha512-1ZuY+JDI//WmklKlBgJnglpUL1owm2OX+8E1syCD6UAxcMM/XoWd76OHSjl/0MR0LisSAXDqgjT3uJqT67O3qw==

esbuild-linux-64@0.14.54:
  version "0.14.54"
  resolved "https://registry.yarnpkg.com/esbuild-linux-64/-/esbuild-linux-64-0.14.54.tgz#de5fdba1c95666cf72369f52b40b03be71226652"
  integrity sha512-EgjAgH5HwTbtNsTqQOXWApBaPVdDn7XcK+/PtJwZLT1UmpLoznPd8c5CxqsH2dQK3j05YsB3L17T8vE7cp4cCg==

esbuild-linux-arm64@0.14.54:
  version "0.14.54"
  resolved "https://registry.yarnpkg.com/esbuild-linux-arm64/-/esbuild-linux-arm64-0.14.54.tgz#dae4cd42ae9787468b6a5c158da4c84e83b0ce8b"
  integrity sha512-WL71L+0Rwv+Gv/HTmxTEmpv0UgmxYa5ftZILVi2QmZBgX3q7+tDeOQNqGtdXSdsL8TQi1vIaVFHUPDe0O0kdig==

esbuild-linux-arm@0.14.54:
  version "0.14.54"
  resolved "https://registry.yarnpkg.com/esbuild-linux-arm/-/esbuild-linux-arm-0.14.54.tgz#a2c1dff6d0f21dbe8fc6998a122675533ddfcd59"
  integrity sha512-qqz/SjemQhVMTnvcLGoLOdFpCYbz4v4fUo+TfsWG+1aOu70/80RV6bgNpR2JCrppV2moUQkww+6bWxXRL9YMGw==

esbuild-linux-mips64le@0.14.54:
  version "0.14.54"
  resolved "https://registry.yarnpkg.com/esbuild-linux-mips64le/-/esbuild-linux-mips64le-0.14.54.tgz#d9918e9e4cb972f8d6dae8e8655bf9ee131eda34"
  integrity sha512-qTHGQB8D1etd0u1+sB6p0ikLKRVuCWhYQhAHRPkO+OF3I/iSlTKNNS0Lh2Oc0g0UFGguaFZZiPJdJey3AGpAlw==

esbuild-linux-ppc64le@0.14.54:
  version "0.14.54"
  resolved "https://registry.yarnpkg.com/esbuild-linux-ppc64le/-/esbuild-linux-ppc64le-0.14.54.tgz#3f9a0f6d41073fb1a640680845c7de52995f137e"
  integrity sha512-j3OMlzHiqwZBDPRCDFKcx595XVfOfOnv68Ax3U4UKZ3MTYQB5Yz3X1mn5GnodEVYzhtZgxEBidLWeIs8FDSfrQ==

esbuild-linux-riscv64@0.14.54:
  version "0.14.54"
  resolved "https://registry.yarnpkg.com/esbuild-linux-riscv64/-/esbuild-linux-riscv64-0.14.54.tgz#618853c028178a61837bc799d2013d4695e451c8"
  integrity sha512-y7Vt7Wl9dkOGZjxQZnDAqqn+XOqFD7IMWiewY5SPlNlzMX39ocPQlOaoxvT4FllA5viyV26/QzHtvTjVNOxHZg==

esbuild-linux-s390x@0.14.54:
  version "0.14.54"
  resolved "https://registry.yarnpkg.com/esbuild-linux-s390x/-/esbuild-linux-s390x-0.14.54.tgz#d1885c4c5a76bbb5a0fe182e2c8c60eb9e29f2a6"
  integrity sha512-zaHpW9dziAsi7lRcyV4r8dhfG1qBidQWUXweUjnw+lliChJqQr+6XD71K41oEIC3Mx1KStovEmlzm+MkGZHnHA==

esbuild-netbsd-64@0.14.54:
  version "0.14.54"
  resolved "https://registry.yarnpkg.com/esbuild-netbsd-64/-/esbuild-netbsd-64-0.14.54.tgz#69ae917a2ff241b7df1dbf22baf04bd330349e81"
  integrity sha512-PR01lmIMnfJTgeU9VJTDY9ZerDWVFIUzAtJuDHwwceppW7cQWjBBqP48NdeRtoP04/AtO9a7w3viI+PIDr6d+w==

esbuild-openbsd-64@0.14.54:
  version "0.14.54"
  resolved "https://registry.yarnpkg.com/esbuild-openbsd-64/-/esbuild-openbsd-64-0.14.54.tgz#db4c8495287a350a6790de22edea247a57c5d47b"
  integrity sha512-Qyk7ikT2o7Wu76UsvvDS5q0amJvmRzDyVlL0qf5VLsLchjCa1+IAvd8kTBgUxD7VBUUVgItLkk609ZHUc1oCaw==

esbuild-sunos-64@0.14.54:
  version "0.14.54"
  resolved "https://registry.yarnpkg.com/esbuild-sunos-64/-/esbuild-sunos-64-0.14.54.tgz#54287ee3da73d3844b721c21bc80c1dc7e1bf7da"
  integrity sha512-28GZ24KmMSeKi5ueWzMcco6EBHStL3B6ubM7M51RmPwXQGLe0teBGJocmWhgwccA1GeFXqxzILIxXpHbl9Q/Kw==

esbuild-windows-32@0.14.54:
  version "0.14.54"
  resolved "https://registry.yarnpkg.com/esbuild-windows-32/-/esbuild-windows-32-0.14.54.tgz#f8aaf9a5667630b40f0fb3aa37bf01bbd340ce31"
  integrity sha512-T+rdZW19ql9MjS7pixmZYVObd9G7kcaZo+sETqNH4RCkuuYSuv9AGHUVnPoP9hhuE1WM1ZimHz1CIBHBboLU7w==

esbuild-windows-64@0.14.54:
  version "0.14.54"
  resolved "https://registry.yarnpkg.com/esbuild-windows-64/-/esbuild-windows-64-0.14.54.tgz#bf54b51bd3e9b0f1886ffdb224a4176031ea0af4"
  integrity sha512-AoHTRBUuYwXtZhjXZbA1pGfTo8cJo3vZIcWGLiUcTNgHpJJMC1rVA44ZereBHMJtotyN71S8Qw0npiCIkW96cQ==

esbuild-windows-arm64@0.14.54:
  version "0.14.54"
  resolved "https://registry.yarnpkg.com/esbuild-windows-arm64/-/esbuild-windows-arm64-0.14.54.tgz#937d15675a15e4b0e4fafdbaa3a01a776a2be982"
  integrity sha512-M0kuUvXhot1zOISQGXwWn6YtS+Y/1RT9WrVIOywZnJHo3jCDyewAc79aKNQWFCQm+xNHVTq9h8dZKvygoXQQRg==

esbuild@^0.14.36:
  version "0.14.54"
  resolved "https://registry.yarnpkg.com/esbuild/-/esbuild-0.14.54.tgz#8b44dcf2b0f1a66fc22459943dccf477535e9aa2"
  integrity sha512-Cy9llcy8DvET5uznocPyqL3BFRrFXSVqbgpMJ9Wz8oVjZlh/zUSNbPRbov0VX7VxN2JH1Oa0uNxZ7eLRb62pJA==
  optionalDependencies:
    "@esbuild/linux-loong64" "0.14.54"
    esbuild-android-64 "0.14.54"
    esbuild-android-arm64 "0.14.54"
    esbuild-darwin-64 "0.14.54"
    esbuild-darwin-arm64 "0.14.54"
    esbuild-freebsd-64 "0.14.54"
    esbuild-freebsd-arm64 "0.14.54"
    esbuild-linux-32 "0.14.54"
    esbuild-linux-64 "0.14.54"
    esbuild-linux-arm "0.14.54"
    esbuild-linux-arm64 "0.14.54"
    esbuild-linux-mips64le "0.14.54"
    esbuild-linux-ppc64le "0.14.54"
    esbuild-linux-riscv64 "0.14.54"
    esbuild-linux-s390x "0.14.54"
    esbuild-netbsd-64 "0.14.54"
    esbuild-openbsd-64 "0.14.54"
    esbuild-sunos-64 "0.14.54"
    esbuild-windows-32 "0.14.54"
    esbuild-windows-64 "0.14.54"
    esbuild-windows-arm64 "0.14.54"

eventemitter3@^5.0.1:
  version "5.0.1"
  resolved "https://registry.yarnpkg.com/eventemitter3/-/eventemitter3-5.0.1.tgz#53f5ffd0a492ac800721bb42c66b841de96423c4"
  integrity sha512-GWkBvjiSZK87ELrYOSESUYeVIc9mvLLf/nXalMOS5dYrgZq9o5OVkbZAVM06CVxYsCwH9BDZFPlQTlPA1j4ahA==

exifr@^7.0.0:
  version "7.1.3"
  resolved "https://registry.yarnpkg.com/exifr/-/exifr-7.1.3.tgz#f6218012c36dbb7d843222011b27f065fddbab6f"
  integrity sha512-g/aje2noHivrRSLbAUtBPWFbxKdKhgj/xr1vATDdUXPOFYJlQ62Ft0oy+72V6XLIpDJfHs6gXLbBLAolqOXYRw==

fill-range@^7.1.1:
  version "7.1.1"
  resolved "https://registry.yarnpkg.com/fill-range/-/fill-range-7.1.1.tgz#44265d3cac07e3ea7dc247516380643754a05292"
  integrity sha512-YsGpe3WHLK8ZYi4tWDg2Jy3ebRz2rXowDxnld4bkQB00cc/1Zw9AWnC0i9ztDJitivtQvaI9KaLyKrc+hBW0yg==
  dependencies:
    to-regex-range "^5.0.1"

fsevents@~2.3.2:
  version "2.3.3"
  resolved "https://registry.yarnpkg.com/fsevents/-/fsevents-2.3.3.tgz#cac6407785d03675a2a5e1a5305c697b347d90d6"
  integrity sha512-5xoDfX+fL7faATnagmWPpbFtwh/R77WmMMqqHGS65C3vvB0YHrgF+B1YmZ3441tMj5n63k0212XNoJwzlhffQw==

glob-parent@~5.1.2:
  version "5.1.2"
  resolved "https://registry.yarnpkg.com/glob-parent/-/glob-parent-5.1.2.tgz#869832c58034fe68a4093c17dc15e8340d8401c4"
  integrity sha512-AOIgSQCepiJYwP3ARnGx+5VnTu2HBYdzbGP45eLw1vr3zB3vZLeyed1sC9hnbcOc9/SrMyM5RPQrkGz4aS9Zow==
  dependencies:
    is-glob "^4.0.1"

good-listener@^1.2.2:
  version "1.2.2"
  resolved "https://registry.yarnpkg.com/good-listener/-/good-listener-1.2.2.tgz#d53b30cdf9313dffb7dc9a0d477096aa6d145c50"
  integrity sha512-goW1b+d9q/HIwbVYZzZ6SsTr4IgE+WA44A0GmPIQstuOrgsFcT7VEJ48nmr9GaRtNu0XTKacFLGnBPAM6Afouw==
  dependencies:
    delegate "^3.1.2"

handlebars@^4.7.7:
  version "4.7.8"
  resolved "https://registry.yarnpkg.com/handlebars/-/handlebars-4.7.8.tgz#41c42c18b1be2365439188c77c6afae71c0cd9e9"
  integrity sha512-vafaFqs8MZkRrSX7sFVUdo3ap/eNiLnb4IakshzvP56X5Nr1iGKAIqdX6tMlm6HcNRIkr6AxO5jFEoJzzpT8aQ==
  dependencies:
    minimist "^1.2.5"
    neo-async "^2.6.2"
    source-map "^0.6.1"
    wordwrap "^1.0.0"
  optionalDependencies:
    uglify-js "^3.1.4"

http-https@^1.0.0:
  version "1.0.0"
  resolved "https://registry.yarnpkg.com/http-https/-/http-https-1.0.0.tgz#2f908dd5f1db4068c058cd6e6d4ce392c913389b"
  integrity sha512-o0PWwVCSp3O0wS6FvNr6xfBCHgt0m1tvPLFOCc2iFDKTRAXhB7m8klDf7ErowFH8POa6dVdGatKU5I1YYwzUyg==

immutable@^4.0.0:
  version "4.3.7"
  resolved "https://registry.yarnpkg.com/immutable/-/immutable-4.3.7.tgz#c70145fc90d89fb02021e65c84eb0226e4e5a381"
  integrity sha512-1hqclzwYwjRDFLjcFxOM5AYkkG0rpFPpr1RLPMEuGczoS7YA8gLhy8SWXYRAA/XwfEHpfo3cw5JGioS32fnMRw==

is-binary-path@~2.1.0:
  version "2.1.0"
  resolved "https://registry.yarnpkg.com/is-binary-path/-/is-binary-path-2.1.0.tgz#ea1f7f3b80f064236e83470f86c09c254fb45b09"
  integrity sha512-ZMERYes6pDydyuGidse7OsHxtbI7WVeUEozgR/g7rd0xUimYNlvZRE/K2MgZTjWy725IfelLeVcEM97mmtRGXw==
  dependencies:
    binary-extensions "^2.0.0"

is-extglob@^2.1.1:
  version "2.1.1"
  resolved "https://registry.yarnpkg.com/is-extglob/-/is-extglob-2.1.1.tgz#a88c02535791f02ed37c76a1b9ea9773c833f8c2"
  integrity sha512-SbKbANkN603Vi4jEZv49LeVJMn4yGwsbzZworEoyEiutsN3nJYdbO36zfhGJ6QEDpOZIFkDtnq5JRxmvl3jsoQ==

is-glob@^4.0.1, is-glob@~4.0.1:
  version "4.0.3"
  resolved "https://registry.yarnpkg.com/is-glob/-/is-glob-4.0.3.tgz#64f61e42cbbb2eec2071a9dac0b28ba1e65d5084"
  integrity sha512-xelSayHH36ZgE7ZWhli7pW34hNbNl8Ojv5KVmkJD4hBdD3th8Tfk9vYasLM+mXWOZhFkgZfxhLSnrwRr4elSSg==
  dependencies:
    is-extglob "^2.1.1"

is-network-error@^1.0.0:
  version "1.1.0"
  resolved "https://registry.yarnpkg.com/is-network-error/-/is-network-error-1.1.0.tgz#d26a760e3770226d11c169052f266a4803d9c997"
  integrity sha512-tUdRRAnhT+OtCZR/LxZelH/C7QtjtFrTu5tXCA8pl55eTUElUHT+GPYV8MBMBvea/j+NxQqVt3LbWMRir7Gx9g==

is-number@^7.0.0:
  version "7.0.0"
  resolved "https://registry.yarnpkg.com/is-number/-/is-number-7.0.0.tgz#7535345b896734d5f80c4d06c50955527a14f12b"
  integrity sha512-41Cifkg6e8TylSpdtTpeLVMqvSBEVzTttHvERD741+pnZ8ANv0004MRL43QKPDlK9cGvNp6NZWZUBlbGXYxxng==

jquery-ujs@^1.2.2:
  version "1.2.3"
  resolved "https://registry.yarnpkg.com/jquery-ujs/-/jquery-ujs-1.2.3.tgz#dcac6026ab7268e5ee41faf9d31c997cd4ddd603"
  integrity sha512-59wvfx5vcCTHMeQT1/OwFiAj+UffLIwjRIoXdpO7Z7BCFGepzq9T9oLVeoItjTqjoXfUrHJvV7QU6pUR+UzOoA==

"jquery@1.8 - 4", jquery@>=1.7, jquery@^3.5.1:
  version "3.7.1"
  resolved "https://registry.yarnpkg.com/jquery/-/jquery-3.7.1.tgz#083ef98927c9a6a74d05a6af02806566d16274de"
  integrity sha512-m4avr8yL8kmFN8psrbFFFmB/If14iN5o9nw/NgnnM+kybDJpRsAynV2BsfpTYrTRysYUdADVD7CkUUizgkpLfg==

lodash@^4.17.21:
  version "4.17.21"
  resolved "https://registry.yarnpkg.com/lodash/-/lodash-4.17.21.tgz#679591c564c3bffaae8454cf0b3df370c3d6911c"
  integrity sha512-v2kDEe57lecTulaDIuNTPy3Ry4gLGJ6Z1O3vE1krgXZNrsQ+LFTGHVxVjcXPs17LhbZVGedAJv8XZ1tvj5FvSg==

memoize-one@^6.0.0:
  version "6.0.0"
  resolved "https://registry.yarnpkg.com/memoize-one/-/memoize-one-6.0.0.tgz#b2591b871ed82948aee4727dc6abceeeac8c1045"
  integrity sha512-rkpe71W0N0c0Xz6QD0eJETuWAJGnJ9afsl1srmwPrI+yBCkge5EycXXbYRyvL29zZVUWQCY7InPRCv3GDXuZNw==

mime-match@^1.0.2:
  version "1.0.2"
  resolved "https://registry.yarnpkg.com/mime-match/-/mime-match-1.0.2.tgz#3f87c31e9af1a5fd485fb9db134428b23bbb7ba8"
  integrity sha512-VXp/ugGDVh3eCLOBCiHZMYWQaTNUHv2IJrut+yXA6+JbLPXHglHwfS/5A5L0ll+jkCY7fIzRJcH6OIunF+c6Cg==
  dependencies:
    wildcard "^1.1.0"

minimist@^1.2.5:
  version "1.2.8"
  resolved "https://registry.yarnpkg.com/minimist/-/minimist-1.2.8.tgz#c1a464e7693302e082a075cee0c057741ac4772c"
  integrity sha512-2yyAR8qBkN3YuheJanUpWC5U3bb5osDywNB8RzDVlDwDHbocAJveqqj1u8+SVD7jkWT4yvsHCpWqqWqAxb0zCA==

namespace-emitter@^2.0.1:
  version "2.0.1"
  resolved "https://registry.yarnpkg.com/namespace-emitter/-/namespace-emitter-2.0.1.tgz#978d51361c61313b4e6b8cf6f3853d08dfa2b17c"
  integrity sha512-N/sMKHniSDJBjfrkbS/tpkPj4RAbvW3mr8UAzvlMHyun93XEm83IAvhWtJVHo+RHn/oO8Job5YN4b+wRjSVp5g==

nanoid@^5.0.0:
  version "5.0.9"
  resolved "https://registry.yarnpkg.com/nanoid/-/nanoid-5.0.9.tgz#977dcbaac055430ce7b1e19cf0130cea91a20e50"
  integrity sha512-Aooyr6MXU6HpvvWXKoVoXwKMs/KyVakWwg7xQfv5/S/RIgJMy0Ifa45H9qqYy7pTCszrHzP21Uk4PZq2HpEM8Q==

neo-async@^2.6.2:
  version "2.6.2"
  resolved "https://registry.yarnpkg.com/neo-async/-/neo-async-2.6.2.tgz#b4aafb93e3aeb2d8174ca53cf163ab7d7308305f"
  integrity sha512-Yd3UES5mWCSqR+qNT93S3UoYUkqAZ9lLg8a7g9rimsWmYGK8cVToA4/sF3RrshdyV3sAGMXVUmpMYOw+dLpOuw==

normalize-path@^3.0.0, normalize-path@~3.0.0:
  version "3.0.0"
  resolved "https://registry.yarnpkg.com/normalize-path/-/normalize-path-3.0.0.tgz#0dcd69ff23a1c9b11fd0978316644a0388216a65"
  integrity sha512-6eZs5Ls3WtCisHWp9S2GUy8dqkpGi4BVSz3GaqiE6ezub0512ESztXUwUB6C6IKbQkY2Pnb/mD4WYojCRwcwLA==

oboe@^2.1.5:
  version "2.1.7"
  resolved "https://registry.yarnpkg.com/oboe/-/oboe-2.1.7.tgz#14cb69c750757a964c760383e094887822a32947"
  integrity sha512-Y2oCMU2xgITORaNvIDCvUyn2ZG/5NI19lLjMFThgYzCH+GA/fgYvVcwxAqnZPiMiUrPq64jLzCkBXqKSu/R6MA==
  dependencies:
    http-https "^1.0.0"

p-queue@^8.0.0:
  version "8.0.1"
  resolved "https://registry.yarnpkg.com/p-queue/-/p-queue-8.0.1.tgz#718b7f83836922ef213ddec263ff4223ce70bef8"
  integrity sha512-NXzu9aQJTAzbBqOt2hwsR63ea7yvxJc0PwN/zobNAudYfb1B7R08SzB4TsLeSbUCuG467NhnoT0oO6w1qRO+BA==
  dependencies:
    eventemitter3 "^5.0.1"
    p-timeout "^6.1.2"

p-retry@^6.1.0:
  version "6.2.1"
  resolved "https://registry.yarnpkg.com/p-retry/-/p-retry-6.2.1.tgz#81828f8dc61c6ef5a800585491572cc9892703af"
  integrity sha512-hEt02O4hUct5wtwg4H4KcWgDdm+l1bOaEy/hWzd8xtXB9BqxTWBBhb+2ImAtH4Cv4rPjV76xN3Zumqk3k3AhhQ==
  dependencies:
    "@types/retry" "0.12.2"
    is-network-error "^1.0.0"
    retry "^0.13.1"

p-timeout@^6.1.2:
  version "6.1.3"
  resolved "https://registry.yarnpkg.com/p-timeout/-/p-timeout-6.1.3.tgz#9635160c4e10c7b4c3db45b7d5d26f911d9fd853"
  integrity sha512-UJUyfKbwvr/uZSV6btANfb+0t/mOhKV/KXcCUTp8FcQI+v/0d+wXqH4htrW0E4rR6WiEO/EPvUFiV9D5OI4vlw==

picomatch@^2.0.4, picomatch@^2.2.1:
  version "2.3.1"
  resolved "https://registry.yarnpkg.com/picomatch/-/picomatch-2.3.1.tgz#3ba3833733646d9d3e4995946c1365a67fb07a42"
  integrity sha512-JU3teHTNjmE2VCGFzuY8EXzCDVwEqB2a8fsIvwaStHhAWJEeVd1o1QD80CU6+ZdEXXSLbSsuLwJjkCBWqRQUVA==

preact@^10.5.13:
  version "10.25.0"
  resolved "https://registry.yarnpkg.com/preact/-/preact-10.25.0.tgz#22a1c93ce97336c5d01d74f363433ab0cd5cde64"
  integrity sha512-6bYnzlLxXV3OSpUxLdaxBmE7PMOu0aR3pG6lryK/0jmvcDFPlcXGQAt5DpK3RITWiDrfYZRI0druyaK/S9kYLg==

readdirp@~3.6.0:
  version "3.6.0"
  resolved "https://registry.yarnpkg.com/readdirp/-/readdirp-3.6.0.tgz#74a370bd857116e245b29cc97340cd431a02a6c7"
  integrity sha512-hOS089on8RduqdbhvQ5Z37A0ESjsqz6qnRcffsMU3495FuTdqSm+7bhJ29JvIOsBDEEnan5DPu9t3To9VRlMzA==
  dependencies:
    picomatch "^2.2.1"

retry@^0.13.1:
  version "0.13.1"
  resolved "https://registry.yarnpkg.com/retry/-/retry-0.13.1.tgz#185b1587acf67919d63b357349e03537b2484658"
  integrity sha512-XQBQ3I8W1Cge0Seh+6gjj03LbmRFWuoszgK9ooCpwYIrhhoO80pfq4cUkU5DkknwfOfFteRwlZ56PYOGYyFWdg==

sass@1.78.0:
  version "1.78.0"
  resolved "https://registry.yarnpkg.com/sass/-/sass-1.78.0.tgz#cef369b2f9dc21ea1d2cf22c979f52365da60841"
  integrity sha512-AaIqGSrjo5lA2Yg7RvFZrlXDBCp3nV4XP73GrLGvdRWWwk+8H3l0SDvq/5bA4eF+0RFPLuWUk3E+P1U/YqnpsQ==
  dependencies:
    chokidar ">=3.0.0 <4.0.0"
    immutable "^4.0.0"
    source-map-js ">=0.6.2 <2.0.0"

select@^1.1.2:
  version "1.1.2"
  resolved "https://registry.yarnpkg.com/select/-/select-1.1.2.tgz#0e7350acdec80b1108528786ec1d4418d11b396d"
  integrity sha512-OwpTSOfy6xSs1+pwcNrv0RBMOzI39Lp3qQKUTPVVPRjCdNa5JH/oPRiqsesIskK8TVgmRiHwO4KXlV2Li9dANA==

shallow-equal@^3.0.0:
  version "3.1.0"
  resolved "https://registry.yarnpkg.com/shallow-equal/-/shallow-equal-3.1.0.tgz#e7a54bac629c7f248eff6c2f5b63122ba4320bec"
  integrity sha512-pfVOw8QZIXpMbhBWvzBISicvToTiM5WBF1EeAUZDDSb5Dt29yl4AYbyywbJFSEsRUMr7gJaxqCdr4L3tQf9wVg==

"source-map-js@>=0.6.2 <2.0.0":
  version "1.2.1"
  resolved "https://registry.yarnpkg.com/source-map-js/-/source-map-js-1.2.1.tgz#1ce5650fddd87abc099eda37dcff024c2667ae46"
  integrity sha512-UXWMKhLOwVKb728IUtQPXxfYU+usdybtUrK/8uGE8CQMvrhOpwvzDBwj0QhSL7MQc7vIsISBG8VQ8+IDQxpfQA==

source-map@^0.6.1:
  version "0.6.1"
  resolved "https://registry.yarnpkg.com/source-map/-/source-map-0.6.1.tgz#74722af32e9614e9c287a8d0bbde48b5e2f1a263"
  integrity sha512-UjgapumWlbMhkBgzT7Ykc5YXUT46F0iKu8SGXq0bcwP5dz/h0Plj6enJqjz1Zbq2l5WaqYnrVbwWOWMyF3F47g==

sweetalert2@10.16.9:
  version "10.16.9"
  resolved "https://registry.yarnpkg.com/sweetalert2/-/sweetalert2-10.16.9.tgz#8ed86f2fa811a136667a48357e204348705be8c9"
  integrity sha512-oNe+md5tmmS3fGfVHa7gVPlun7Td2oANSacnZCeghnrr3OHBi6UPVPU+GFrymwaDqwQspACilLRmRnM7aTjNPA==

tiny-emitter@^2.0.0:
  version "2.1.0"
  resolved "https://registry.yarnpkg.com/tiny-emitter/-/tiny-emitter-2.1.0.tgz#1d1a56edfc51c43e863cbb5382a72330e3555423"
  integrity sha512-NB6Dk1A9xgQPMoGqC5CVXn123gWyte215ONT5Pp5a0yt4nlEoO1ZWeCwpncaekPHXO60i47ihFnZPiRPjRMq4Q==

to-regex-range@^5.0.1:
  version "5.0.1"
  resolved "https://registry.yarnpkg.com/to-regex-range/-/to-regex-range-5.0.1.tgz#1648c44aae7c8d988a326018ed72f5b4dd0392e4"
  integrity sha512-65P7iz6X5yEr1cwcgvQxbbIw7Uk3gOy5dIdtZ4rDveLqhrdJP+Li/Hx6tyK0NEb+2GCyneCMJiGqrADCSNk8sQ==
  dependencies:
    is-number "^7.0.0"

uglify-js@^3.1.4:
  version "3.19.3"
  resolved "https://registry.yarnpkg.com/uglify-js/-/uglify-js-3.19.3.tgz#82315e9bbc6f2b25888858acd1fff8441035b77f"
  integrity sha512-v3Xu+yuwBXisp6QYTcH4UbH+xYJXqnq2m/LtQVWKWzYc1iehYnLixoQDN9FH6/j9/oybfd6W9Ghwkl8+UMKTKQ==

wildcard@^1.1.0:
  version "1.1.2"
  resolved "https://registry.yarnpkg.com/wildcard/-/wildcard-1.1.2.tgz#a7020453084d8cd2efe70ba9d3696263de1710a5"
  integrity sha512-DXukZJxpHA8LuotRwL0pP1+rS6CS7FF2qStDDE1C7DDg2rLud2PXRMuEDYIPhgEezwnlHNL4c+N6MfMTjCGTng==

wordwrap@^1.0.0:
  version "1.0.0"
  resolved "https://registry.yarnpkg.com/wordwrap/-/wordwrap-1.0.0.tgz#27584810891456a4171c8d0226441ade90cbcaeb"
  integrity sha512-gvVzJFlPycKc5dZN4yPkP8w7Dc37BtP1yczEneOb4uq34pXZcvrtRTmWV8W+Ume+XCxKgbjM+nevkyFPMybd4Q==
