# THIS IS AN AUTOGENERATED FILE. DO NOT EDIT THIS FILE DIRECTLY.
# yarn lockfile v1


"@fortawesome/fontawesome-free@^5.15.4":
  version "5.15.4"
  resolved "https://registry.yarnpkg.com/@fortawesome/fontawesome-free/-/fontawesome-free-5.15.4.tgz#ecda5712b61ac852c760d8b3c79c96adca5554e5"
  integrity sha512-eYm8vijH/hpzr/6/1CJ/V/Eb1xQFW2nnUKArb3z+yUWv7HTwj6M7SP957oMjfZjAHU6qpoNc2wQvIxBLWYa/Jg==

"@rails/ujs@^7.0.1":
  version "7.0.2"
  resolved "https://registry.yarnpkg.com/@rails/ujs/-/ujs-7.0.2.tgz#6e0f843fb810b23ce1c33457b27e0accce6755e4"
  integrity sha512-eAn41MQI6z9Yj4RVAIL9qzYorHRM22hPJp9MR86ra62UmcAsI3HEkIgeguN2qWJRxUbztLer+T4fycmTqB/Osw==

"@socket.io/base64-arraybuffer@~1.0.2":
  version "1.0.2"
  resolved "https://registry.yarnpkg.com/@socket.io/base64-arraybuffer/-/base64-arraybuffer-1.0.2.tgz#568d9beae00b0d835f4f8c53fd55714986492e61"
  integrity sha512-dOlCBKnDw4iShaIsH/bxujKTM18+2TOAsYz+KSc11Am38H4q5Xw8Bbz97ZYdrVNM+um3p7w86Bvvmcn9q+5+eQ==

"@socket.io/component-emitter@~3.1.0":
  version "3.1.0"
  resolved "https://registry.yarnpkg.com/@socket.io/component-emitter/-/component-emitter-3.1.0.tgz#96116f2a912e0c02817345b3c10751069920d553"
  integrity sha512-+9jVqKhRSpsc591z5vX+X5Yyw+he/HCB4iQ/RYxw35CEPaY1gnsNE43nf9n9AaYjAQrTiI/mOwKUKdUs9vf7Xg==

"@transloadit/prettier-bytes@0.0.7":
  version "0.0.7"
  resolved "https://registry.yarnpkg.com/@transloadit/prettier-bytes/-/prettier-bytes-0.0.7.tgz#cdb5399f445fdd606ed833872fa0cabdbc51686b"
  integrity sha512-VeJbUb0wEKbcwaSlj5n+LscBl9IPgLPkHVGBkh00cztv6X4L/TJXK58LzFuBKX7/GAfiGhIwH67YTLTlzvIzBA==

"@transloadit/prettier-bytes@^0.0.9":
  version "0.0.9"
  resolved "https://registry.yarnpkg.com/@transloadit/prettier-bytes/-/prettier-bytes-0.0.9.tgz#8d3146f75fd9d3c544cb63ec7dbdeb6670d3e2d7"
  integrity sha512-pCvdmea/F3Tn4hAtHqNXmjcixSaroJJ+L3STXlYJdir1g1m2mRQpWbN8a4SvgQtaw2930Ckhdx8qXdXBFMKbAA==

"@uppy/audio@^0.3.0":
  version "0.3.0"
  resolved "https://registry.yarnpkg.com/@uppy/audio/-/audio-0.3.0.tgz#44f655d9e98ab609568abe9c4bea2ba25a886aa5"
  integrity sha512-xy7n2Nnbk3t3MoTy6RX6xK7XiKenSv5tIPJkwGDoHeHHn7ypjNoI1CC3VteUy4u33ZeUURG3iTRqotDjenRizA==
  dependencies:
    "@uppy/utils" "^4.0.5"
    preact "^10.5.13"

"@uppy/aws-s3-multipart@^2.2.2":
  version "2.2.2"
  resolved "https://registry.yarnpkg.com/@uppy/aws-s3-multipart/-/aws-s3-multipart-2.2.2.tgz#cea3db4b99c861648d0fcf42d8e9fbc9e0952d40"
  integrity sha512-uKhPlythMFKFicVsf5LBiuMwqkVOZYpw6ugHoyffIuvmW5SO1eJQ32+TU9wPmOIfvQNysTtrmGva0ppUcm4bqA==
  dependencies:
    "@uppy/companion-client" "^2.0.6"
    "@uppy/utils" "^4.0.7"

"@uppy/aws-s3@^2.0.9":
  version "2.0.9"
  resolved "https://registry.yarnpkg.com/@uppy/aws-s3/-/aws-s3-2.0.9.tgz#9746ba74fdc0286b072c9697fd75332922f76bd8"
  integrity sha512-29s0KKzgM0gPzv0T/gh7/hBoOpmGoThjbcc/X7AFVADEFoFxLC6MSXj9ku1TQui85oXx6G/wQ+bKj4ZvG6JQrQ==
  dependencies:
    "@uppy/companion-client" "^2.0.6"
    "@uppy/utils" "^4.0.6"
    "@uppy/xhr-upload" "^2.0.7"
    nanoid "^3.1.25"

"@uppy/box@^1.0.6":
  version "1.0.6"
  resolved "https://registry.yarnpkg.com/@uppy/box/-/box-1.0.6.tgz#d0de14f6a2022593fd306dd1a88555538966c1e1"
  integrity sha512-wv5+esnN2enSWDgG92gOXPqdAKuNX4itFbhuqY3uUhZkrejhKegDaGbp9XsAAhlbUELHXVDuTiYYARhfq0Z6xQ==
  dependencies:
    "@uppy/companion-client" "^2.0.6"
    "@uppy/provider-views" "^2.0.8"
    "@uppy/utils" "^4.0.7"
    preact "^10.5.13"

"@uppy/companion-client@^2.0.3", "@uppy/companion-client@^2.0.4", "@uppy/companion-client@^2.0.5", "@uppy/companion-client@^2.0.6":
  version "2.0.6"
  resolved "https://registry.yarnpkg.com/@uppy/companion-client/-/companion-client-2.0.6.tgz#a1d8535404fac249615f2b2edec503d97f66f639"
  integrity sha512-a2tsKhNPekW52CYUjBa7oVcK+aPm/Rd9FY/4wMbkjSsyj0BVjNdkR7jSEXfddUyKf+H5qLqNFXEHfGp/p9FOEA==
  dependencies:
    "@uppy/utils" "^4.0.6"
    namespace-emitter "^2.0.1"

"@uppy/compressor@^0.2.5":
  version "0.2.5"
  resolved "https://registry.yarnpkg.com/@uppy/compressor/-/compressor-0.2.5.tgz#ec293f5d865e28690d00d947e242b805dc8ebe86"
  integrity sha512-PxOrJ9hW3deI4EU7PhANEaK3vJrALxkUpD7wX3at3ieyQ4Zh8uZkiA7R5AdgY1O1wGtTD/rghiGB6/oapDqSLw==
  dependencies:
    "@transloadit/prettier-bytes" "^0.0.9"
    "@uppy/utils" "^4.0.7"
    compressorjs "^1.1.1"
    preact "^10.5.13"
    promise-queue "^2.2.5"

"@uppy/core@^2.1.10":
  version "2.1.10"
  resolved "https://registry.yarnpkg.com/@uppy/core/-/core-2.1.10.tgz#f356703a5247e44ab6f73e7e4eb204b13cc56374"
  integrity sha512-Y6xBtlzG5235P6GTKFJeBF2tczfHNPfEk4ZfDL30aU+n4mVXIuOXTAN60kQ3WsX/SYaIfx7RmX9DSP/SBoQrbA==
  dependencies:
    "@transloadit/prettier-bytes" "0.0.7"
    "@uppy/store-default" "^2.0.3"
    "@uppy/utils" "^4.0.7"
    lodash.throttle "^4.1.1"
    mime-match "^1.0.2"
    namespace-emitter "^2.0.1"
    nanoid "^3.1.25"
    preact "^10.5.13"

"@uppy/dashboard@^2.1.4":
  version "2.1.4"
  resolved "https://registry.yarnpkg.com/@uppy/dashboard/-/dashboard-2.1.4.tgz#d6ca37a9354f2d6485f464e494bfaf1b179b0148"
  integrity sha512-H9SIuDJCMThBm9VUkb4Rkvl2qAll5tDi7l7Z6A0+07HkfVFVJv8Aq6Lh/sCAVv9v9M7KKBu0X2eCc8o5+22+zA==
  dependencies:
    "@transloadit/prettier-bytes" "0.0.7"
    "@uppy/informer" "^2.0.5"
    "@uppy/provider-views" "^2.0.7"
    "@uppy/status-bar" "^2.1.2"
    "@uppy/thumbnail-generator" "^2.1.0"
    "@uppy/utils" "^4.0.5"
    classnames "^2.2.6"
    is-shallow-equal "^1.0.1"
    lodash.debounce "^4.0.8"
    memoize-one "^5.0.4"
    nanoid "^3.1.25"
    preact "^10.5.13"

"@uppy/drag-drop@^2.0.7":
  version "2.0.7"
  resolved "https://registry.yarnpkg.com/@uppy/drag-drop/-/drag-drop-2.0.7.tgz#8bfc1c7652f0095d5e6a5429261e1d18f99505c3"
  integrity sha512-xsBP+xJDfAsTkFBPhw0fMoJVOt+MjdKifNpvqsP5GB0BCe2HAhBcJ7kwiENk65hwplVmlMGIKi6LGszSNBT2kQ==
  dependencies:
    "@uppy/utils" "^4.0.7"
    preact "^10.5.13"

"@uppy/drop-target@^1.1.3":
  version "1.1.3"
  resolved "https://registry.yarnpkg.com/@uppy/drop-target/-/drop-target-1.1.3.tgz#cb8eb4ff3c6f6e3733c57ad46f9422186c024e56"
  integrity sha512-Cd+L3mdVovS6G0Yv0Hah18Utz3czQ75YrGJ65MlHFzfJccOQJczvxn18FVssKyO6Zc0ce1y0mGKGjUClTM5dMA==
  dependencies:
    "@uppy/utils" "^4.0.7"

"@uppy/dropbox@^2.0.6":
  version "2.0.6"
  resolved "https://registry.yarnpkg.com/@uppy/dropbox/-/dropbox-2.0.6.tgz#2e9d8df1fafe635882177fea1ad2264dabfab79a"
  integrity sha512-QO7jAHqDv7aHXJdcEmyQkDI4H0Avpp2HRWl5iMoZRUSz9ACbIsRrBWHF9uSeCKYzbQWu0xtGQHC/4nFClzICOg==
  dependencies:
    "@uppy/companion-client" "^2.0.6"
    "@uppy/provider-views" "^2.0.8"
    "@uppy/utils" "^4.0.7"
    preact "^10.5.13"

"@uppy/facebook@^2.0.6":
  version "2.0.6"
  resolved "https://registry.yarnpkg.com/@uppy/facebook/-/facebook-2.0.6.tgz#df663e467d37c27b28aa219ff492a58dd76cd629"
  integrity sha512-uIE168dV4tFC0ZdUsyIKy0V4ny8AGmfqn+okRwOIynDA/3IMgSn2fxSKiPjgI2uFUjZAR35Yycq/m2ypdY4Gew==
  dependencies:
    "@uppy/companion-client" "^2.0.6"
    "@uppy/provider-views" "^2.0.8"
    "@uppy/utils" "^4.0.7"
    preact "^10.5.13"

"@uppy/file-input@^2.0.6":
  version "2.0.6"
  resolved "https://registry.yarnpkg.com/@uppy/file-input/-/file-input-2.0.6.tgz#2ef1468ead3e2b6157b3233be847ce83292eb7f7"
  integrity sha512-Au/J96B6yiGZkjNpLO+/hV43Beq71K3JP2p1f9Eh0EgcgLtqczmM8pggyj6vAduywamUTMWGaADKcdxYKLAFew==
  dependencies:
    "@uppy/utils" "^4.0.7"
    preact "^10.5.13"

"@uppy/form@^2.0.5":
  version "2.0.5"
  resolved "https://registry.yarnpkg.com/@uppy/form/-/form-2.0.5.tgz#045ea47e2971d98c0dfd8889dfdb663d4543b4ec"
  integrity sha512-RSErawnQruXKC7PN25QL1Wye//dYbADQ5CUKygK7PrbzC6VmdC2199YXWFQx24WPahYdCjy+ZO5kXepUWoNyTw==
  dependencies:
    "@uppy/utils" "^4.0.7"
    get-form-data "^2.0.0"

"@uppy/golden-retriever@^2.0.6":
  version "2.0.6"
  resolved "https://registry.yarnpkg.com/@uppy/golden-retriever/-/golden-retriever-2.0.6.tgz#dba023a33c4c78da8c4eb1d1bda3a477e2ca8d55"
  integrity sha512-TLFiN7SALaeBk/uG5lGWvVr1U/SBVmdK2lfmDsciI5KLiary7bySMQJEMqxzEGWTjy5QzM7JtnVHC6Zv6RdF9g==
  dependencies:
    "@transloadit/prettier-bytes" "0.0.7"
    "@uppy/utils" "^4.0.4"
    lodash.throttle "^4.1.1"

"@uppy/google-drive@^2.0.5":
  version "2.0.5"
  resolved "https://registry.yarnpkg.com/@uppy/google-drive/-/google-drive-2.0.5.tgz#91376dd02764873a6ec0cd5aa6059884a131860b"
  integrity sha512-HxxJf1dmDxIpObL9GrJ0CBUWUv4x3+A1f9ms8HUUTNCicoW1eFVDXLIdC4Lm4uOvk47o4oMenf5cWEyRZL3Wnw==
  dependencies:
    "@uppy/companion-client" "^2.0.4"
    "@uppy/provider-views" "^2.0.6"
    "@uppy/utils" "^4.0.4"
    preact "^10.5.13"

"@uppy/image-editor@^1.1.1":
  version "1.1.1"
  resolved "https://registry.yarnpkg.com/@uppy/image-editor/-/image-editor-1.1.1.tgz#c06c3c17e0069f32b70349d5841a0bab6e6b15cd"
  integrity sha512-Wgs+Pi0tJKKdFydV+7m3b6C9PSS2Cbfr5kQB7qOHPwBlhJy4s50bBsQ+WuKqFghDeuumxf3fugzWXXUfCkPAcA==
  dependencies:
    "@uppy/utils" "^4.0.5"
    cropperjs "1.5.7"
    preact "^10.5.13"

"@uppy/informer@^2.0.5":
  version "2.0.5"
  resolved "https://registry.yarnpkg.com/@uppy/informer/-/informer-2.0.5.tgz#7b55612f4c366b6a81d3b4b2106212d534d63b25"
  integrity sha512-XBiTo+NYUMkG3RnwFXmQTnwOcTaBMzMqSTTZZ1/1NndxP1TmpmqonuQQIHlegHUHhF5T+GVAle2rMe+c8iSlsA==
  dependencies:
    "@uppy/utils" "^4.0.4"
    preact "^10.5.13"

"@uppy/instagram@^2.0.5":
  version "2.0.5"
  resolved "https://registry.yarnpkg.com/@uppy/instagram/-/instagram-2.0.5.tgz#ea74030a5aacd979a42d1409b1ef5b6b62a9f6ca"
  integrity sha512-48Vw50RoOVFB9NaNnB8Gnfi/873DyKUCN35o0NrHMJy8DMY25lB7mBOb//34/Ur0Zu1X0SvNnwgRCCQGxDBmew==
  dependencies:
    "@uppy/companion-client" "^2.0.4"
    "@uppy/provider-views" "^2.0.6"
    "@uppy/utils" "^4.0.4"
    preact "^10.5.13"

"@uppy/onedrive@^2.0.6":
  version "2.0.6"
  resolved "https://registry.yarnpkg.com/@uppy/onedrive/-/onedrive-2.0.6.tgz#5461155845fa619948cba74a401bb0db3f059306"
  integrity sha512-MATILzH1ot15/r0h6WMb85aMVjBcss/6rZzzrFbXOwASp8DfLJp611TJvrJvZQ95wq3i28MsjNKyxT9aTmo4ZA==
  dependencies:
    "@uppy/companion-client" "^2.0.5"
    "@uppy/provider-views" "^2.0.7"
    "@uppy/utils" "^4.0.5"
    preact "^10.5.13"

"@uppy/progress-bar@^2.0.4":
  version "2.0.4"
  resolved "https://registry.yarnpkg.com/@uppy/progress-bar/-/progress-bar-2.0.4.tgz#b7c658ef6498d9b3d1e8fde81aae7e37734be899"
  integrity sha512-W0ATXPP6Ufhb3B0hPPDlO3VVknohpkOA/o/LFVdkOIpq3+mKxkb1+/Nlt3uTa6gxO57O1D6+Kg+l9WKIqpyTbg==
  dependencies:
    "@uppy/utils" "^4.0.3"
    preact "^10.5.13"

"@uppy/provider-views@^2.0.5", "@uppy/provider-views@^2.0.6", "@uppy/provider-views@^2.0.7", "@uppy/provider-views@^2.0.8":
  version "2.0.8"
  resolved "https://registry.yarnpkg.com/@uppy/provider-views/-/provider-views-2.0.8.tgz#7eda89e5cc6d95aaff08b723319c4c859a454f3a"
  integrity sha512-rgCehk4yQFcxbXxdAKEDZe1wiecgZfuJ2FtPUk1atF9IHg7/MekCTLLbKBKh5saLX+uPIuqUXnbLIa+7XKPrgw==
  dependencies:
    "@uppy/utils" "^4.0.5"
    classnames "^2.2.6"
    preact "^10.5.13"

"@uppy/redux-dev-tools@^2.0.3":
  version "2.0.3"
  resolved "https://registry.yarnpkg.com/@uppy/redux-dev-tools/-/redux-dev-tools-2.0.3.tgz#dbde94a7e0bc88ed2b6677f2572370f39ca6e57e"
  integrity sha512-scvDdTlKt3GrF7YSYvj3zD+LKiiTZGQo4jOX5dMKsZ4D5ijhWyaWEPTk0cThaCynszyy+8khByu2941Zhrpzpg==

"@uppy/screen-capture@^2.0.6":
  version "2.0.6"
  resolved "https://registry.yarnpkg.com/@uppy/screen-capture/-/screen-capture-2.0.6.tgz#0bd5a6770a39c2ddcd7614a5d302c0c7e28cde9f"
  integrity sha512-n3Us5wmjLyDewSYYIGMaq5qF+d6ER8iNnCkUBSNSmavBXDKd9gKptt2RXuvSEnxqPAujVVt9ZyE0FnQT9Z9sjQ==
  dependencies:
    "@uppy/utils" "^4.0.5"
    preact "^10.5.13"

"@uppy/status-bar@^2.1.2", "@uppy/status-bar@^2.1.3":
  version "2.1.3"
  resolved "https://registry.yarnpkg.com/@uppy/status-bar/-/status-bar-2.1.3.tgz#df271fcf1532b96ed1bf3fa640c8f9f443f960ff"
  integrity sha512-+rGZruKzptQ8wVfKXCwDBR9Mw1a/8GECKQ6EwEDzfJxhwz1Tm6kdh5DHDOUlftPTJGJED3bKye7K7fjEhwWfew==
  dependencies:
    "@transloadit/prettier-bytes" "0.0.7"
    "@uppy/utils" "^4.0.5"
    classnames "^2.2.6"
    lodash.throttle "^4.1.1"
    preact "^10.5.13"

"@uppy/store-default@^2.0.3":
  version "2.0.3"
  resolved "https://registry.yarnpkg.com/@uppy/store-default/-/store-default-2.0.3.tgz#47ad4fc4816d21955ff37d6bb5096a93278c29e2"
  integrity sha512-2BGlN1sW0cFv4rOqTK8dfSg579S984N1HxCJxLFqeW9nWD6zd/O8Omyd85tbxGQ+FLZLTmLOm/feD0YeCBMahg==

"@uppy/store-redux@^2.0.3":
  version "2.0.3"
  resolved "https://registry.yarnpkg.com/@uppy/store-redux/-/store-redux-2.0.3.tgz#44a72fd8fad01d6be6171adf1801a886c7e071ee"
  integrity sha512-5+pKExm028jBoPsIqzRfdUYT026necIAmqavMuptLtNwImMP3s3kEWdAmSnU7fSCwqT1CRyhFu3LQ7Mpwe9m9g==
  dependencies:
    nanoid "^3.1.25"

"@uppy/thumbnail-generator@^2.1.0", "@uppy/thumbnail-generator@^2.1.1":
  version "2.1.1"
  resolved "https://registry.yarnpkg.com/@uppy/thumbnail-generator/-/thumbnail-generator-2.1.1.tgz#f90f0c0ad0a1d3ffa699593b25dfcc28bb8cb6a5"
  integrity sha512-iV7Q6Z3huN3RgXiXStKXsHCk6doRzxtkkiQkejpVD8NPODWvgOpL8EFjTqii//3sZJYgquZTWQkMuAJVuoFSSw==
  dependencies:
    "@uppy/utils" "^4.0.5"
    exifr "^7.0.0"

"@uppy/transloadit@^2.1.5":
  version "2.1.5"
  resolved "https://registry.yarnpkg.com/@uppy/transloadit/-/transloadit-2.1.5.tgz#dc62106993f3b850a61bab00954d4328e1543057"
  integrity sha512-i0p1W/rnTH3zyfR6WYYDXHdDsmA7UwMBwNWCun3+TGPsd4zBkK0E83NpEcyTNdnLmnD9JlLx5uB4G2yF5TOHhA==
  dependencies:
    "@uppy/companion-client" "^2.0.6"
    "@uppy/provider-views" "^2.0.8"
    "@uppy/tus" "^2.2.2"
    "@uppy/utils" "^4.0.7"
    component-emitter "^1.2.1"
    socket.io-client "^4.1.3"

"@uppy/tus@^2.2.2":
  version "2.2.2"
  resolved "https://registry.yarnpkg.com/@uppy/tus/-/tus-2.2.2.tgz#ef5d839e63226a1018baa93d0c0033770223e9bc"
  integrity sha512-EAR/nfQmfj0zBS0pRBdnKLV1RnOdSTdJNljL1f8Wx73RlJRQfS8VTkCVQ8evI4mrwXvczmbhwnS1hhmF3Y5VfQ==
  dependencies:
    "@uppy/companion-client" "^2.0.5"
    "@uppy/utils" "^4.0.5"
    tus-js-client "^2.1.1"

"@uppy/unsplash@^2.0.3":
  version "2.0.3"
  resolved "https://registry.yarnpkg.com/@uppy/unsplash/-/unsplash-2.0.3.tgz#4f83258aa98c05754a166cb5d92ce8de53d5c5c7"
  integrity sha512-J/UIFK2jhhtYH+Q0IbwWWCCDDezt5EkSmG/Xgb3IdSAnsAYqsvXTzeCqDqt9pe7jBC3k9miB1HRsOf1fXd6XSQ==
  dependencies:
    "@uppy/companion-client" "^2.0.3"
    "@uppy/provider-views" "^2.0.5"
    "@uppy/utils" "^4.0.3"
    preact "^10.5.13"

"@uppy/url@^2.0.5":
  version "2.0.5"
  resolved "https://registry.yarnpkg.com/@uppy/url/-/url-2.0.5.tgz#c71cda686a77cfbdf995476370a64b28839d795a"
  integrity sha512-G6m98HhaNRSa9WxX1KTdEVFK1fB2aKuiOdwrZn4iQvTMl/06ixkp57V8F7xyOSCwEz/2xDMoHH4myPQS+kKOBg==
  dependencies:
    "@uppy/companion-client" "^2.0.4"
    "@uppy/utils" "^4.0.4"
    preact "^10.5.13"

"@uppy/utils@^4.0.3", "@uppy/utils@^4.0.4", "@uppy/utils@^4.0.5", "@uppy/utils@^4.0.6", "@uppy/utils@^4.0.7":
  version "4.0.7"
  resolved "https://registry.yarnpkg.com/@uppy/utils/-/utils-4.0.7.tgz#1f0928ca646655c34ca32b5a9061f354a8fe64cf"
  integrity sha512-nKViMT8XchKy+NWpb3DtVKuzZBmW7au26LrMq89EsvTwIOT6UR9+7bmz/+zr3+lc7UC7vMgNChIC6G+/Ya9wWQ==
  dependencies:
    lodash.throttle "^4.1.1"

"@uppy/webcam@^2.1.0":
  version "2.1.0"
  resolved "https://registry.yarnpkg.com/@uppy/webcam/-/webcam-2.1.0.tgz#46b1b242a4fd11139ffb670140011171883d3efb"
  integrity sha512-YdBdZs8D3zlVw3r5k5nP4/+oJtRBYNIaqCVsGW1/xJO3BqsaX5tqk5Rm6rqXS+LSnj2XHhBFMDVADKkdjkcRKQ==
  dependencies:
    "@uppy/utils" "^4.0.5"
    preact "^10.5.13"

"@uppy/xhr-upload@^2.0.7":
  version "2.0.7"
  resolved "https://registry.yarnpkg.com/@uppy/xhr-upload/-/xhr-upload-2.0.7.tgz#d9128be1fdde78edc61878e23930a2855f607df5"
  integrity sha512-bzCc654B0HfNmL4BIr7gGTvg2pQBucYgPmAb4ST7jGyWlEJWbSxMXR/19zvISQzpJ6v1uP6q2ppgxGMqNdj/rA==
  dependencies:
    "@uppy/companion-client" "^2.0.4"
    "@uppy/utils" "^4.0.4"
    nanoid "^3.1.25"

anymatch@~3.1.2:
  version "3.1.2"
  resolved "https://registry.yarnpkg.com/anymatch/-/anymatch-3.1.2.tgz#c0557c096af32f106198f4f4e2a383537e378716"
  integrity sha512-P43ePfOAIupkguHUycrc4qJ9kz8ZiuOUijaETwX7THt0Y/GNK7v0aa8rY816xWjZ7rJdA5XdMcpVFTKMq+RvWg==
  dependencies:
    normalize-path "^3.0.0"
    picomatch "^2.0.4"

binary-extensions@^2.0.0:
  version "2.2.0"
  resolved "https://registry.yarnpkg.com/binary-extensions/-/binary-extensions-2.2.0.tgz#75f502eeaf9ffde42fc98829645be4ea76bd9e2d"
  integrity sha512-jDctJ/IVQbZoJykoeHbhXpOlNBqGNcwXJKJog42E5HDPUwQTSdjCHdihjj0DlnheQ7blbT6dHOafNAiS8ooQKA==

blueimp-canvas-to-blob@^3.29.0:
  version "3.29.0"
  resolved "https://registry.yarnpkg.com/blueimp-canvas-to-blob/-/blueimp-canvas-to-blob-3.29.0.tgz#d965f06cb1a67fdae207a2be56683f55ef531466"
  integrity sha512-0pcSSGxC0QxT+yVkivxIqW0Y4VlO2XSDPofBAqoJ1qJxgH9eiUDLv50Rixij2cDuEfx4M6DpD9UGZpRhT5Q8qg==

bootstrap@^4.6.0:
  version "4.6.1"
  resolved "https://registry.yarnpkg.com/bootstrap/-/bootstrap-4.6.1.tgz#bc25380c2c14192374e8dec07cf01b2742d222a2"
  integrity sha512-0dj+VgI9Ecom+rvvpNZ4MUZJz8dcX7WCX+eTID9+/8HgOkv3dsRzi8BGeZJCQU6flWQVYxwTQnEZFrmJSEO7og==

braces@~3.0.2:
  version "3.0.2"
  resolved "https://registry.yarnpkg.com/braces/-/braces-3.0.2.tgz#3454e1a462ee8d599e236df336cd9ea4f8afe107"
  integrity sha512-b8um+L1RzM3WDSzvhm6gIz1yfTbBt6YTlcEKAvsmqCZZFw46z626lVj9j1yEPW33H5H+lBQpZMP1k8l+78Ha0A==
  dependencies:
    fill-range "^7.0.1"

buffer-from@^0.1.1:
  version "0.1.2"
  resolved "https://registry.yarnpkg.com/buffer-from/-/buffer-from-0.1.2.tgz#15f4b9bcef012044df31142c14333caf6e0260d0"
  integrity sha512-RiWIenusJsmI2KcvqQABB83tLxCByE3upSP8QU3rJDMVFGPWLvPQJt/O1Su9moRWeH7d+Q2HYb68f6+v+tw2vg==

"chokidar@>=3.0.0 <4.0.0":
  version "3.5.3"
  resolved "https://registry.yarnpkg.com/chokidar/-/chokidar-3.5.3.tgz#1cf37c8707b932bd1af1ae22c0432e2acd1903bd"
  integrity sha512-Dr3sfKRP6oTcjf2JmUmFJfeVMvXBdegxB0iVQ5eb2V10uFJUCAS8OByZdVAyVb8xXNz3GjjTgj9kLWsZTqE6kw==
  dependencies:
    anymatch "~3.1.2"
    braces "~3.0.2"
    glob-parent "~5.1.2"
    is-binary-path "~2.1.0"
    is-glob "~4.0.1"
    normalize-path "~3.0.0"
    readdirp "~3.6.0"
  optionalDependencies:
    fsevents "~2.3.2"

classnames@^2.2.6:
  version "2.3.1"
  resolved "https://registry.yarnpkg.com/classnames/-/classnames-2.3.1.tgz#dfcfa3891e306ec1dad105d0e88f4417b8535e8e"
  integrity sha512-OlQdbZ7gLfGarSqxesMesDa5uz7KFbID8Kpq/SxIoNGDqY8lSYs0D+hhtBXhcdB3rcbXArFr7vlHheLk1voeNA==

clipboard@^2.0.8:
  version "2.0.10"
  resolved "https://registry.yarnpkg.com/clipboard/-/clipboard-2.0.10.tgz#e61f6f7139ac5044c58c0484dcac9fb2a918bfd6"
  integrity sha512-cz3m2YVwFz95qSEbCDi2fzLN/epEN9zXBvfgAoGkvGOJZATMl9gtTDVOtBYkx2ODUJl2kvmud7n32sV2BpYR4g==
  dependencies:
    good-listener "^1.2.2"
    select "^1.1.2"
    tiny-emitter "^2.0.0"

combine-errors@^3.0.3:
  version "3.0.3"
  resolved "https://registry.yarnpkg.com/combine-errors/-/combine-errors-3.0.3.tgz#f4df6740083e5703a3181110c2b10551f003da86"
  integrity sha1-9N9nQAg+VwOjGBEQwrEFUfAD2oY=
  dependencies:
    custom-error-instance "2.1.1"
    lodash.uniqby "4.5.0"

component-emitter@^1.2.1:
  version "1.3.0"
  resolved "https://registry.yarnpkg.com/component-emitter/-/component-emitter-1.3.0.tgz#16e4070fba8ae29b679f2215853ee181ab2eabc0"
  integrity sha512-Rd3se6QB+sO1TwqZjscQrurpEPIfO0/yYnSin6Q/rD3mOutHvUrCAhJub3r90uNb+SESBuE0QYoB90YdfatsRg==

compressorjs@^1.1.1:
  version "1.1.1"
  resolved "https://registry.yarnpkg.com/compressorjs/-/compressorjs-1.1.1.tgz#54c147cf37fb38828b08c48646d0258d52faf050"
  integrity sha512-SysRuUPfmUNoq+RviE0iMFVUmoX2q/x+7PkEPUmk6NGkd85hDrmvujx0Qtp8UCGA6KMe5kuodsylPQcNaLf60w==
  dependencies:
    blueimp-canvas-to-blob "^3.29.0"
    is-blob "^2.1.0"

cropperjs@1.5.7:
  version "1.5.7"
  resolved "https://registry.yarnpkg.com/cropperjs/-/cropperjs-1.5.7.tgz#b65019725bae1c6285e881fb661b2141fa57025b"
  integrity sha512-sGj+G/ofKh+f6A4BtXLJwtcKJgMUsXYVUubfTo9grERiDGXncttefmue/fyQFvn8wfdyoD1KhDRYLfjkJFl0yw==

custom-error-instance@2.1.1:
  version "2.1.1"
  resolved "https://registry.yarnpkg.com/custom-error-instance/-/custom-error-instance-2.1.1.tgz#3cf6391487a6629a6247eb0ca0ce00081b7e361a"
  integrity sha1-PPY5FIemYppiR+sMoM4ACBt+Nho=

data-confirm-modal@^1.6.2:
  version "1.6.2"
  resolved "https://registry.yarnpkg.com/data-confirm-modal/-/data-confirm-modal-1.6.2.tgz#81fc8ea298cfd9311d066915d1710b3cfa57d96b"
  integrity sha512-UYYgx8hS65X8Y336YRp1x6A5Gfkhh4iYkLq5jw7oS++hTcq/3yO8JOrbfHvvr7qqqQxBSPRyvUXnFEFIr4ja4w==

datatables.net-bs4@>=1.11.3, datatables.net-bs4@^1.10.24:
  version "1.11.5"
  resolved "https://registry.yarnpkg.com/datatables.net-bs4/-/datatables.net-bs4-1.11.5.tgz#7767a27991c75716ce7fef1aa6a41d01bfeaefbd"
  integrity sha512-tYE9MnyWIW4P8nm41yQnCqW4dUPK3M7qsuxQY5rViFFKDEU0bUUNAnE9+69P5/4Exe4uyXaY05xFkD00niPZUA==
  dependencies:
    datatables.net ">=1.11.3"
    jquery ">=1.7"

datatables.net-bs@^1.10.23:
  version "1.11.5"
  resolved "https://registry.yarnpkg.com/datatables.net-bs/-/datatables.net-bs-1.11.5.tgz#d1ff9075fb911d27a1b73e19c8e87e3bbe1c302c"
  integrity sha512-thj90yxWnJpAkKdiPtdFMHlDTHCg1VRrzAE7juABYaw3hNQdvf1Veh7a/1hvuqOfn2g7ORzQUFXP8oxJ4SJWfg==
  dependencies:
    datatables.net ">=1.11.3"
    jquery ">=1.7"

datatables.net-plugins@^1.10.24:
  version "1.11.5"
  resolved "https://registry.yarnpkg.com/datatables.net-plugins/-/datatables.net-plugins-1.11.5.tgz#c53ebbd0ab3473a08c6ae36eb1990a66de599b89"
  integrity sha512-+Rsf/fyLG8GyFqp7Bvd1ElqWGQO3NPsx2VADn9X8QaZbctshGVW0sqvR5V7iHHgY6OY1LR0+t6qIMhan9BM4gA==

datatables.net-select-bs4@^1.3.3:
  version "1.3.4"
  resolved "https://registry.yarnpkg.com/datatables.net-select-bs4/-/datatables.net-select-bs4-1.3.4.tgz#07336260be0aa7741a61b82188350f4d1e422a02"
  integrity sha512-hXxxTwR9Mx8xwD55g8hNiLt035afguKZ9Ejsdm5/mo3wmm9ml7gs8QG5fJuMRwtrdP9EKcnjc54+zVoHymEcgw==
  dependencies:
    datatables.net-bs4 ">=1.11.3"
    datatables.net-select ">=1.3.3"
    jquery ">=1.7"

datatables.net-select@>=1.3.3, datatables.net-select@^1.3.3:
  version "1.3.4"
  resolved "https://registry.yarnpkg.com/datatables.net-select/-/datatables.net-select-1.3.4.tgz#7970587a8d8db8ba70a4cccb89b8519bb518116d"
  integrity sha512-iQ/dBHIWkhfCBxzNdtef79seCNO1ZsA5zU0Uiw3R2mlwmjcJM1xn6pFNajke6SX7VnlzndGDHGqzzEljSqz4pA==
  dependencies:
    datatables.net ">=1.11.3"
    jquery ">=1.7"

datatables.net@>=1.11.3:
  version "1.11.5"
  resolved "https://registry.yarnpkg.com/datatables.net/-/datatables.net-1.11.5.tgz#858a69953a01e1d5b18786769802117b04b8e3c9"
  integrity sha512-nlFst2xfwSWaQgaOg5sXVG3cxYC0tH8E8d65289w9ROgF2TmLULOOpcdMpyxxUim/qEwVSEem42RjkTWEpr3eA==
  dependencies:
    jquery ">=1.7"

debug@~4.3.1, debug@~4.3.2:
  version "4.3.4"
  resolved "https://registry.yarnpkg.com/debug/-/debug-4.3.4.tgz#1319f6579357f2338d3337d2cdd4914bb5dcc865"
  integrity sha512-PRWFHuSU3eDtQJPvnNY7Jcket1j0t5OuOsFzPPzsekD52Zl8qUfFIPEiswXqIvHWGVHOgX+7G/vCNNhehwxfkQ==
  dependencies:
    ms "2.1.2"

delegate@^3.1.2:
  version "3.2.0"
  resolved "https://registry.yarnpkg.com/delegate/-/delegate-3.2.0.tgz#b66b71c3158522e8ab5744f720d8ca0c2af59166"
  integrity sha512-IofjkYBZaZivn0V8nnsMJGBr4jVLxHDheKSW88PyxS5QC4Vo9ZbZVvhzlSxY87fVq3STR6r+4cGepyHkcWOQSw==

engine.io-client@~6.2.1:
  version "6.2.1"
  resolved "https://registry.yarnpkg.com/engine.io-client/-/engine.io-client-6.2.1.tgz#b6d0be614c3f194faf6ab5505eba7eb456f56b0d"
  integrity sha512-5cu7xubVxEwoB6O9hJ6Zfu990yBVjXfyMlE1ZvfO5L8if3Kvc9bgDNEapV0C5pMp+5Om1UZFnljxoOuFm6dBKA==
  dependencies:
    "@socket.io/component-emitter" "~3.1.0"
    debug "~4.3.1"
    engine.io-parser "~5.0.3"
    ws "~8.2.3"
    xmlhttprequest-ssl "~2.0.0"

engine.io-parser@~5.0.3:
  version "5.0.3"
  resolved "https://registry.yarnpkg.com/engine.io-parser/-/engine.io-parser-5.0.3.tgz#ca1f0d7b11e290b4bfda251803baea765ed89c09"
  integrity sha512-BtQxwF27XUNnSafQLvDi0dQ8s3i6VgzSoQMJacpIcGNrlUdfHSKbgm3jmjCVvQluGzqwujQMPAoMai3oYSTurg==
  dependencies:
    "@socket.io/base64-arraybuffer" "~1.0.2"

esbuild-android-64@0.14.38:
  version "0.14.38"
  resolved "https://registry.yarnpkg.com/esbuild-android-64/-/esbuild-android-64-0.14.38.tgz#5b94a1306df31d55055f64a62ff6b763a47b7f64"
  integrity sha512-aRFxR3scRKkbmNuGAK+Gee3+yFxkTJO/cx83Dkyzo4CnQl/2zVSurtG6+G86EQIZ+w+VYngVyK7P3HyTBKu3nw==

esbuild-android-arm64@0.14.38:
  version "0.14.38"
  resolved "https://registry.yarnpkg.com/esbuild-android-arm64/-/esbuild-android-arm64-0.14.38.tgz#78acc80773d16007de5219ccce544c036abd50b8"
  integrity sha512-L2NgQRWuHFI89IIZIlpAcINy9FvBk6xFVZ7xGdOwIm8VyhX1vNCEqUJO3DPSSy945Gzdg98cxtNt8Grv1CsyhA==

esbuild-darwin-64@0.14.38:
  version "0.14.38"
  resolved "https://registry.yarnpkg.com/esbuild-darwin-64/-/esbuild-darwin-64-0.14.38.tgz#e02b1291f629ebdc2aa46fabfacc9aa28ff6aa46"
  integrity sha512-5JJvgXkX87Pd1Og0u/NJuO7TSqAikAcQQ74gyJ87bqWRVeouky84ICoV4sN6VV53aTW+NE87qLdGY4QA2S7KNA==

esbuild-darwin-arm64@0.14.38:
  version "0.14.38"
  resolved "https://registry.yarnpkg.com/esbuild-darwin-arm64/-/esbuild-darwin-arm64-0.14.38.tgz#01eb6650ec010b18c990e443a6abcca1d71290a9"
  integrity sha512-eqF+OejMI3mC5Dlo9Kdq/Ilbki9sQBw3QlHW3wjLmsLh+quNfHmGMp3Ly1eWm981iGBMdbtSS9+LRvR2T8B3eQ==

esbuild-freebsd-64@0.14.38:
  version "0.14.38"
  resolved "https://registry.yarnpkg.com/esbuild-freebsd-64/-/esbuild-freebsd-64-0.14.38.tgz#790b8786729d4aac7be17648f9ea8e0e16475b5e"
  integrity sha512-epnPbhZUt93xV5cgeY36ZxPXDsQeO55DppzsIgWM8vgiG/Rz+qYDLmh5ts3e+Ln1wA9dQ+nZmVHw+RjaW3I5Ig==

esbuild-freebsd-arm64@0.14.38:
  version "0.14.38"
  resolved "https://registry.yarnpkg.com/esbuild-freebsd-arm64/-/esbuild-freebsd-arm64-0.14.38.tgz#b66340ab28c09c1098e6d9d8ff656db47d7211e6"
  integrity sha512-/9icXUYJWherhk+y5fjPI5yNUdFPtXHQlwP7/K/zg8t8lQdHVj20SqU9/udQmeUo5pDFHMYzcEFfJqgOVeKNNQ==

esbuild-linux-32@0.14.38:
  version "0.14.38"
  resolved "https://registry.yarnpkg.com/esbuild-linux-32/-/esbuild-linux-32-0.14.38.tgz#7927f950986fd39f0ff319e92839455912b67f70"
  integrity sha512-QfgfeNHRFvr2XeHFzP8kOZVnal3QvST3A0cgq32ZrHjSMFTdgXhMhmWdKzRXP/PKcfv3e2OW9tT9PpcjNvaq6g==

esbuild-linux-64@0.14.38:
  version "0.14.38"
  resolved "https://registry.yarnpkg.com/esbuild-linux-64/-/esbuild-linux-64-0.14.38.tgz#4893d07b229d9cfe34a2b3ce586399e73c3ac519"
  integrity sha512-uuZHNmqcs+Bj1qiW9k/HZU3FtIHmYiuxZ/6Aa+/KHb/pFKr7R3aVqvxlAudYI9Fw3St0VCPfv7QBpUITSmBR1Q==

esbuild-linux-arm64@0.14.38:
  version "0.14.38"
  resolved "https://registry.yarnpkg.com/esbuild-linux-arm64/-/esbuild-linux-arm64-0.14.38.tgz#8442402e37d0b8ae946ac616784d9c1a2041056a"
  integrity sha512-HlMGZTEsBrXrivr64eZ/EO0NQM8H8DuSENRok9d+Jtvq8hOLzrxfsAT9U94K3KOGk2XgCmkaI2KD8hX7F97lvA==

esbuild-linux-arm@0.14.38:
  version "0.14.38"
  resolved "https://registry.yarnpkg.com/esbuild-linux-arm/-/esbuild-linux-arm-0.14.38.tgz#d5dbf32d38b7f79be0ec6b5fb2f9251fd9066986"
  integrity sha512-FiFvQe8J3VKTDXG01JbvoVRXQ0x6UZwyrU4IaLBZeq39Bsbatd94Fuc3F1RGqPF5RbIWW7RvkVQjn79ejzysnA==

esbuild-linux-mips64le@0.14.38:
  version "0.14.38"
  resolved "https://registry.yarnpkg.com/esbuild-linux-mips64le/-/esbuild-linux-mips64le-0.14.38.tgz#95081e42f698bbe35d8ccee0e3a237594b337eb5"
  integrity sha512-qd1dLf2v7QBiI5wwfil9j0HG/5YMFBAmMVmdeokbNAMbcg49p25t6IlJFXAeLzogv1AvgaXRXvgFNhScYEUXGQ==

esbuild-linux-ppc64le@0.14.38:
  version "0.14.38"
  resolved "https://registry.yarnpkg.com/esbuild-linux-ppc64le/-/esbuild-linux-ppc64le-0.14.38.tgz#dceb0a1b186f5df679618882a7990bd422089b47"
  integrity sha512-mnbEm7o69gTl60jSuK+nn+pRsRHGtDPfzhrqEUXyCl7CTOCLtWN2bhK8bgsdp6J/2NyS/wHBjs1x8aBWwP2X9Q==

esbuild-linux-riscv64@0.14.38:
  version "0.14.38"
  resolved "https://registry.yarnpkg.com/esbuild-linux-riscv64/-/esbuild-linux-riscv64-0.14.38.tgz#61fb8edb75f475f9208c4a93ab2bfab63821afd2"
  integrity sha512-+p6YKYbuV72uikChRk14FSyNJZ4WfYkffj6Af0/Tw63/6TJX6TnIKE+6D3xtEc7DeDth1fjUOEqm+ApKFXbbVQ==

esbuild-linux-s390x@0.14.38:
  version "0.14.38"
  resolved "https://registry.yarnpkg.com/esbuild-linux-s390x/-/esbuild-linux-s390x-0.14.38.tgz#34c7126a4937406bf6a5e69100185fd702d12fe0"
  integrity sha512-0zUsiDkGJiMHxBQ7JDU8jbaanUY975CdOW1YDrurjrM0vWHfjv9tLQsW9GSyEb/heSK1L5gaweRjzfUVBFoybQ==

esbuild-netbsd-64@0.14.38:
  version "0.14.38"
  resolved "https://registry.yarnpkg.com/esbuild-netbsd-64/-/esbuild-netbsd-64-0.14.38.tgz#322ea9937d9e529183ee281c7996b93eb38a5d95"
  integrity sha512-cljBAApVwkpnJZfnRVThpRBGzCi+a+V9Ofb1fVkKhtrPLDYlHLrSYGtmnoTVWDQdU516qYI8+wOgcGZ4XIZh0Q==

esbuild-openbsd-64@0.14.38:
  version "0.14.38"
  resolved "https://registry.yarnpkg.com/esbuild-openbsd-64/-/esbuild-openbsd-64-0.14.38.tgz#1ca29bb7a2bf09592dcc26afdb45108f08a2cdbd"
  integrity sha512-CDswYr2PWPGEPpLDUO50mL3WO/07EMjnZDNKpmaxUPsrW+kVM3LoAqr/CE8UbzugpEiflYqJsGPLirThRB18IQ==

esbuild-sunos-64@0.14.38:
  version "0.14.38"
  resolved "https://registry.yarnpkg.com/esbuild-sunos-64/-/esbuild-sunos-64-0.14.38.tgz#c9446f7d8ebf45093e7bb0e7045506a88540019b"
  integrity sha512-2mfIoYW58gKcC3bck0j7lD3RZkqYA7MmujFYmSn9l6TiIcAMpuEvqksO+ntBgbLep/eyjpgdplF7b+4T9VJGOA==

esbuild-windows-32@0.14.38:
  version "0.14.38"
  resolved "https://registry.yarnpkg.com/esbuild-windows-32/-/esbuild-windows-32-0.14.38.tgz#f8e9b4602fd0ccbd48e5c8d117ec0ba4040f2ad1"
  integrity sha512-L2BmEeFZATAvU+FJzJiRLFUP+d9RHN+QXpgaOrs2klshoAm1AE6Us4X6fS9k33Uy5SzScn2TpcgecbqJza1Hjw==

esbuild-windows-64@0.14.38:
  version "0.14.38"
  resolved "https://registry.yarnpkg.com/esbuild-windows-64/-/esbuild-windows-64-0.14.38.tgz#280f58e69f78535f470905ce3e43db1746518107"
  integrity sha512-Khy4wVmebnzue8aeSXLC+6clo/hRYeNIm0DyikoEqX+3w3rcvrhzpoix0S+MF9vzh6JFskkIGD7Zx47ODJNyCw==

esbuild-windows-arm64@0.14.38:
  version "0.14.38"
  resolved "https://registry.yarnpkg.com/esbuild-windows-arm64/-/esbuild-windows-arm64-0.14.38.tgz#d97e9ac0f95a4c236d9173fa9f86c983d6a53f54"
  integrity sha512-k3FGCNmHBkqdJXuJszdWciAH77PukEyDsdIryEHn9cKLQFxzhT39dSumeTuggaQcXY57UlmLGIkklWZo2qzHpw==

esbuild@^0.14.36:
  version "0.14.38"
  resolved "https://registry.yarnpkg.com/esbuild/-/esbuild-0.14.38.tgz#99526b778cd9f35532955e26e1709a16cca2fb30"
  integrity sha512-12fzJ0fsm7gVZX1YQ1InkOE5f9Tl7cgf6JPYXRJtPIoE0zkWAbHdPHVPPaLi9tYAcEBqheGzqLn/3RdTOyBfcA==
  optionalDependencies:
    esbuild-android-64 "0.14.38"
    esbuild-android-arm64 "0.14.38"
    esbuild-darwin-64 "0.14.38"
    esbuild-darwin-arm64 "0.14.38"
    esbuild-freebsd-64 "0.14.38"
    esbuild-freebsd-arm64 "0.14.38"
    esbuild-linux-32 "0.14.38"
    esbuild-linux-64 "0.14.38"
    esbuild-linux-arm "0.14.38"
    esbuild-linux-arm64 "0.14.38"
    esbuild-linux-mips64le "0.14.38"
    esbuild-linux-ppc64le "0.14.38"
    esbuild-linux-riscv64 "0.14.38"
    esbuild-linux-s390x "0.14.38"
    esbuild-netbsd-64 "0.14.38"
    esbuild-openbsd-64 "0.14.38"
    esbuild-sunos-64 "0.14.38"
    esbuild-windows-32 "0.14.38"
    esbuild-windows-64 "0.14.38"
    esbuild-windows-arm64 "0.14.38"

exifr@^7.0.0:
  version "7.1.3"
  resolved "https://registry.yarnpkg.com/exifr/-/exifr-7.1.3.tgz#f6218012c36dbb7d843222011b27f065fddbab6f"
  integrity sha512-g/aje2noHivrRSLbAUtBPWFbxKdKhgj/xr1vATDdUXPOFYJlQ62Ft0oy+72V6XLIpDJfHs6gXLbBLAolqOXYRw==

fill-range@^7.0.1:
  version "7.0.1"
  resolved "https://registry.yarnpkg.com/fill-range/-/fill-range-7.0.1.tgz#1919a6a7c75fe38b2c7c77e5198535da9acdda40"
  integrity sha512-qOo9F+dMUmC2Lcb4BbVvnKJxTPjCm+RRpe4gDuGrzkL7mEVl/djYSu2OdQ2Pa302N4oqkSg9ir6jaLWJ2USVpQ==
  dependencies:
    to-regex-range "^5.0.1"

fsevents@~2.3.2:
  version "2.3.2"
  resolved "https://registry.yarnpkg.com/fsevents/-/fsevents-2.3.2.tgz#8a526f78b8fdf4623b709e0b975c52c24c02fd1a"
  integrity sha512-xiqMQR4xAeHTuB9uWm+fFRcIOgKBMiOBP+eXiyT7jsgVCq1bkVygt00oASowB7EdtpOHaaPgKt812P9ab+DDKA==

get-form-data@^2.0.0:
  version "2.0.0"
  resolved "https://registry.yarnpkg.com/get-form-data/-/get-form-data-2.0.0.tgz#f211018ea617cc54678522235f0e2a9025d89411"
  integrity sha512-YUpw0aTWeGliifqMYrTohe/YdqVmKLmaNwuscd2WlRNGfba57JHGuuvvv2c6LiZdFys285POVWANTh6SqcwFag==

glob-parent@~5.1.2:
  version "5.1.2"
  resolved "https://registry.yarnpkg.com/glob-parent/-/glob-parent-5.1.2.tgz#869832c58034fe68a4093c17dc15e8340d8401c4"
  integrity sha512-AOIgSQCepiJYwP3ARnGx+5VnTu2HBYdzbGP45eLw1vr3zB3vZLeyed1sC9hnbcOc9/SrMyM5RPQrkGz4aS9Zow==
  dependencies:
    is-glob "^4.0.1"

good-listener@^1.2.2:
  version "1.2.2"
  resolved "https://registry.yarnpkg.com/good-listener/-/good-listener-1.2.2.tgz#d53b30cdf9313dffb7dc9a0d477096aa6d145c50"
  integrity sha1-1TswzfkxPf+33JoNR3CWqm0UXFA=
  dependencies:
    delegate "^3.1.2"

graceful-fs@^4.1.2:
  version "4.2.10"
  resolved "https://registry.yarnpkg.com/graceful-fs/-/graceful-fs-4.2.10.tgz#147d3a006da4ca3ce14728c7aefc287c367d7a6c"
  integrity sha512-9ByhssR2fPVsNZj478qUUbKfmL0+t5BDVyjShtyZZLiK7ZDAArFFfopyOTj0M05wE2tJPisA4iTnnXl2YoPvOA==

handlebars@^4.7.7:
  version "4.7.7"
  resolved "https://registry.yarnpkg.com/handlebars/-/handlebars-4.7.7.tgz#9ce33416aad02dbd6c8fafa8240d5d98004945a1"
  integrity sha512-aAcXm5OAfE/8IXkcZvCepKU3VzW1/39Fb5ZuqMtgI/hT8X2YgoMvBY5dLhq/cpOvw7Lk1nK/UF71aLG/ZnVYRA==
  dependencies:
    minimist "^1.2.5"
    neo-async "^2.6.0"
    source-map "^0.6.1"
    wordwrap "^1.0.0"
  optionalDependencies:
    uglify-js "^3.1.4"

http-https@^1.0.0:
  version "1.0.0"
  resolved "https://registry.yarnpkg.com/http-https/-/http-https-1.0.0.tgz#2f908dd5f1db4068c058cd6e6d4ce392c913389b"
  integrity sha1-L5CN1fHbQGjAWM1ubUzjkskTOJs=

immutable@^4.0.0:
  version "4.0.0"
  resolved "https://registry.yarnpkg.com/immutable/-/immutable-4.0.0.tgz#b86f78de6adef3608395efb269a91462797e2c23"
  integrity sha512-zIE9hX70qew5qTUjSS7wi1iwj/l7+m54KWU247nhM3v806UdGj1yDndXj+IOYxxtW9zyLI+xqFNZjTuDaLUqFw==

is-binary-path@~2.1.0:
  version "2.1.0"
  resolved "https://registry.yarnpkg.com/is-binary-path/-/is-binary-path-2.1.0.tgz#ea1f7f3b80f064236e83470f86c09c254fb45b09"
  integrity sha512-ZMERYes6pDydyuGidse7OsHxtbI7WVeUEozgR/g7rd0xUimYNlvZRE/K2MgZTjWy725IfelLeVcEM97mmtRGXw==
  dependencies:
    binary-extensions "^2.0.0"

is-blob@^2.1.0:
  version "2.1.0"
  resolved "https://registry.yarnpkg.com/is-blob/-/is-blob-2.1.0.tgz#e36cd82c90653f1e1b930f11baf9c64216a05385"
  integrity sha512-SZ/fTft5eUhQM6oF/ZaASFDEdbFVe89Imltn9uZr03wdKMcWNVYSMjQPFtg05QuNkt5l5c135ElvXEQG0rk4tw==

is-extglob@^2.1.1:
  version "2.1.1"
  resolved "https://registry.yarnpkg.com/is-extglob/-/is-extglob-2.1.1.tgz#a88c02535791f02ed37c76a1b9ea9773c833f8c2"
  integrity sha1-qIwCU1eR8C7TfHahueqXc8gz+MI=

is-glob@^4.0.1, is-glob@~4.0.1:
  version "4.0.3"
  resolved "https://registry.yarnpkg.com/is-glob/-/is-glob-4.0.3.tgz#64f61e42cbbb2eec2071a9dac0b28ba1e65d5084"
  integrity sha512-xelSayHH36ZgE7ZWhli7pW34hNbNl8Ojv5KVmkJD4hBdD3th8Tfk9vYasLM+mXWOZhFkgZfxhLSnrwRr4elSSg==
  dependencies:
    is-extglob "^2.1.1"

is-number@^7.0.0:
  version "7.0.0"
  resolved "https://registry.yarnpkg.com/is-number/-/is-number-7.0.0.tgz#7535345b896734d5f80c4d06c50955527a14f12b"
  integrity sha512-41Cifkg6e8TylSpdtTpeLVMqvSBEVzTttHvERD741+pnZ8ANv0004MRL43QKPDlK9cGvNp6NZWZUBlbGXYxxng==

is-shallow-equal@^1.0.1:
  version "1.0.1"
  resolved "https://registry.yarnpkg.com/is-shallow-equal/-/is-shallow-equal-1.0.1.tgz#c410b51eb1c12ee50cd02891d32d1691a132d73c"
  integrity sha512-lq5RvK+85Hs5J3p4oA4256M1FEffzmI533ikeDHvJd42nouRRx5wBzt36JuviiGe5dIPyHON/d0/Up+PBo6XkQ==

is-stream@^2.0.0:
  version "2.0.1"
  resolved "https://registry.yarnpkg.com/is-stream/-/is-stream-2.0.1.tgz#fac1e3d53b97ad5a9d0ae9cef2389f5810a5c077"
  integrity sha512-hFoiJiTl63nn+kstHGBtewWSKnQLpyb155KHheA1l39uvtO9nWIop1p3udqPcUd/xbF1VLMO4n7OI6p7RbngDg==

jquery-ujs@^1.2.2:
  version "1.2.3"
  resolved "https://registry.yarnpkg.com/jquery-ujs/-/jquery-ujs-1.2.3.tgz#dcac6026ab7268e5ee41faf9d31c997cd4ddd603"
  integrity sha512-59wvfx5vcCTHMeQT1/OwFiAj+UffLIwjRIoXdpO7Z7BCFGepzq9T9oLVeoItjTqjoXfUrHJvV7QU6pUR+UzOoA==

jquery@>=1.7, jquery@^3.5.1:
  version "3.6.0"
  resolved "https://registry.yarnpkg.com/jquery/-/jquery-3.6.0.tgz#c72a09f15c1bdce142f49dbf1170bdf8adac2470"
  integrity sha512-JVzAR/AjBvVt2BmYhxRCSYysDsPcssdmTFnzyLEts9qNwmjmu4JTAMYubEfwVOSwpQ1I1sKKFcxhZCI2buerfw==

js-base64@^2.6.1:
  version "2.6.4"
  resolved "https://registry.yarnpkg.com/js-base64/-/js-base64-2.6.4.tgz#f4e686c5de1ea1f867dbcad3d46d969428df98c4"
  integrity sha512-pZe//GGmwJndub7ZghVHz7vjb2LgC1m8B07Au3eYqeqv9emhESByMXxaEgkUkEqJe87oBbSniGYoQNIBklc7IQ==

lodash._baseiteratee@~4.7.0:
  version "4.7.0"
  resolved "https://registry.yarnpkg.com/lodash._baseiteratee/-/lodash._baseiteratee-4.7.0.tgz#34a9b5543572727c3db2e78edae3c0e9e66bd102"
  integrity sha1-NKm1VDVycnw9sueO2uPA6eZr0QI=
  dependencies:
    lodash._stringtopath "~4.8.0"

lodash._basetostring@~4.12.0:
  version "4.12.0"
  resolved "https://registry.yarnpkg.com/lodash._basetostring/-/lodash._basetostring-4.12.0.tgz#9327c9dc5158866b7fa4b9d42f4638e5766dd9df"
  integrity sha1-kyfJ3FFYhmt/pLnUL0Y45XZt2d8=

lodash._baseuniq@~4.6.0:
  version "4.6.0"
  resolved "https://registry.yarnpkg.com/lodash._baseuniq/-/lodash._baseuniq-4.6.0.tgz#0ebb44e456814af7905c6212fa2c9b2d51b841e8"
  integrity sha1-DrtE5FaBSveQXGIS+iybLVG4Qeg=
  dependencies:
    lodash._createset "~4.0.0"
    lodash._root "~3.0.0"

lodash._createset@~4.0.0:
  version "4.0.3"
  resolved "https://registry.yarnpkg.com/lodash._createset/-/lodash._createset-4.0.3.tgz#0f4659fbb09d75194fa9e2b88a6644d363c9fe26"
  integrity sha1-D0ZZ+7CddRlPqeK4imZE02PJ/iY=

lodash._root@~3.0.0:
  version "3.0.1"
  resolved "https://registry.yarnpkg.com/lodash._root/-/lodash._root-3.0.1.tgz#fba1c4524c19ee9a5f8136b4609f017cf4ded692"
  integrity sha1-+6HEUkwZ7ppfgTa0YJ8BfPTe1pI=

lodash._stringtopath@~4.8.0:
  version "4.8.0"
  resolved "https://registry.yarnpkg.com/lodash._stringtopath/-/lodash._stringtopath-4.8.0.tgz#941bcf0e64266e5fc1d66fed0a6959544c576824"
  integrity sha1-lBvPDmQmbl/B1m/tCmlZVExXaCQ=
  dependencies:
    lodash._basetostring "~4.12.0"

lodash.debounce@^4.0.8:
  version "4.0.8"
  resolved "https://registry.yarnpkg.com/lodash.debounce/-/lodash.debounce-4.0.8.tgz#82d79bff30a67c4005ffd5e2515300ad9ca4d7af"
  integrity sha1-gteb/zCmfEAF/9XiUVMArZyk168=

lodash.throttle@^4.1.1:
  version "4.1.1"
  resolved "https://registry.yarnpkg.com/lodash.throttle/-/lodash.throttle-4.1.1.tgz#c23e91b710242ac70c37f1e1cda9274cc39bf2f4"
  integrity sha1-wj6RtxAkKscMN/HhzaknTMOb8vQ=

lodash.uniqby@4.5.0:
  version "4.5.0"
  resolved "https://registry.yarnpkg.com/lodash.uniqby/-/lodash.uniqby-4.5.0.tgz#a3a17bbf62eeb6240f491846e97c1c4e2a5e1e21"
  integrity sha1-o6F7v2LutiQPSRhG6XwcTipeHiE=
  dependencies:
    lodash._baseiteratee "~4.7.0"
    lodash._baseuniq "~4.6.0"

lodash@^4.17.21:
  version "4.17.21"
  resolved "https://registry.yarnpkg.com/lodash/-/lodash-4.17.21.tgz#679591c564c3bffaae8454cf0b3df370c3d6911c"
  integrity sha512-v2kDEe57lecTulaDIuNTPy3Ry4gLGJ6Z1O3vE1krgXZNrsQ+LFTGHVxVjcXPs17LhbZVGedAJv8XZ1tvj5FvSg==

memoize-one@^5.0.4:
  version "5.2.1"
  resolved "https://registry.yarnpkg.com/memoize-one/-/memoize-one-5.2.1.tgz#8337aa3c4335581839ec01c3d594090cebe8f00e"
  integrity sha512-zYiwtZUcYyXKo/np96AGZAckk+FWWsUdJ3cHGGmld7+AhvcWmQyGCYUh1hc4Q/pkOhb65dQR/pqCyK0cOaHz4Q==

mime-match@^1.0.2:
  version "1.0.2"
  resolved "https://registry.yarnpkg.com/mime-match/-/mime-match-1.0.2.tgz#3f87c31e9af1a5fd485fb9db134428b23bbb7ba8"
  integrity sha1-P4fDHprxpf1IX7nbE0Qosju7e6g=
  dependencies:
    wildcard "^1.1.0"

minimist@^1.2.5:
  version "1.2.6"
  resolved "https://registry.yarnpkg.com/minimist/-/minimist-1.2.6.tgz#8637a5b759ea0d6e98702cfb3a9283323c93af44"
  integrity sha512-Jsjnk4bw3YJqYzbdyBiNsPWHPfO++UGG749Cxs6peCu5Xg4nrena6OVxOYxrQTqww0Jmwt+Ref8rggumkTLz9Q==

ms@2.1.2:
  version "2.1.2"
  resolved "https://registry.yarnpkg.com/ms/-/ms-2.1.2.tgz#d09d1f357b443f493382a8eb3ccd183872ae6009"
  integrity sha512-sGkPx+VjMtmA6MX27oA4FBFELFCZZ4S4XqeGOXCv68tT+jb3vk/RyaKWP0PTKyWtmLSM0b+adUTEvbs1PEaH2w==

namespace-emitter@^2.0.1:
  version "2.0.1"
  resolved "https://registry.yarnpkg.com/namespace-emitter/-/namespace-emitter-2.0.1.tgz#978d51361c61313b4e6b8cf6f3853d08dfa2b17c"
  integrity sha512-N/sMKHniSDJBjfrkbS/tpkPj4RAbvW3mr8UAzvlMHyun93XEm83IAvhWtJVHo+RHn/oO8Job5YN4b+wRjSVp5g==

nanoid@^3.1.25:
  version "3.3.3"
  resolved "https://registry.yarnpkg.com/nanoid/-/nanoid-3.3.3.tgz#fd8e8b7aa761fe807dba2d1b98fb7241bb724a25"
  integrity sha512-p1sjXuopFs0xg+fPASzQ28agW1oHD7xDsd9Xkf3T15H3c/cifrFHVwrh74PdoklAPi+i7MdRsE47vm2r6JoB+w==

neo-async@^2.6.0:
  version "2.6.2"
  resolved "https://registry.yarnpkg.com/neo-async/-/neo-async-2.6.2.tgz#b4aafb93e3aeb2d8174ca53cf163ab7d7308305f"
  integrity sha512-Yd3UES5mWCSqR+qNT93S3UoYUkqAZ9lLg8a7g9rimsWmYGK8cVToA4/sF3RrshdyV3sAGMXVUmpMYOw+dLpOuw==

normalize-path@^3.0.0, normalize-path@~3.0.0:
  version "3.0.0"
  resolved "https://registry.yarnpkg.com/normalize-path/-/normalize-path-3.0.0.tgz#0dcd69ff23a1c9b11fd0978316644a0388216a65"
  integrity sha512-6eZs5Ls3WtCisHWp9S2GUy8dqkpGi4BVSz3GaqiE6ezub0512ESztXUwUB6C6IKbQkY2Pnb/mD4WYojCRwcwLA==

oboe@^2.1.5:
  version "2.1.5"
  resolved "https://registry.yarnpkg.com/oboe/-/oboe-2.1.5.tgz#5554284c543a2266d7a38f17e073821fbde393cd"
  integrity sha1-VVQoTFQ6ImbXo48X4HOCH73jk80=
  dependencies:
    http-https "^1.0.0"

picomatch@^2.0.4, picomatch@^2.2.1:
  version "2.3.1"
  resolved "https://registry.yarnpkg.com/picomatch/-/picomatch-2.3.1.tgz#3ba3833733646d9d3e4995946c1365a67fb07a42"
  integrity sha512-JU3teHTNjmE2VCGFzuY8EXzCDVwEqB2a8fsIvwaStHhAWJEeVd1o1QD80CU6+ZdEXXSLbSsuLwJjkCBWqRQUVA==

popper.js@1.14.3:
  version "1.14.3"
  resolved "https://registry.yarnpkg.com/popper.js/-/popper.js-1.14.3.tgz#1438f98d046acf7b4d78cd502bf418ac64d4f095"
  integrity sha1-FDj5jQRqz3tNeM1QK/QYrGTU8JU=

preact@^10.5.13:
  version "10.7.1"
  resolved "https://registry.yarnpkg.com/preact/-/preact-10.7.1.tgz#bdd2b2dce91a5842c3b9b34dfe050e5401068c9e"
  integrity sha512-MufnRFz39aIhs9AMFisonjzTud1PK1bY+jcJLo6m2T9Uh8AqjD77w11eAAawmjUogoGOnipECq7e/1RClIKsxg==

promise-queue@^2.2.5:
  version "2.2.5"
  resolved "https://registry.yarnpkg.com/promise-queue/-/promise-queue-2.2.5.tgz#2f6f5f7c0f6d08109e967659c79b88a9ed5e93b4"
  integrity sha1-L29ffA9tCBCelnZZx5uIqe1ek7Q=

proper-lockfile@^2.0.1:
  version "2.0.1"
  resolved "https://registry.yarnpkg.com/proper-lockfile/-/proper-lockfile-2.0.1.tgz#159fb06193d32003f4b3691dd2ec1a634aa80d1d"
  integrity sha1-FZ+wYZPTIAP0s2kd0uwaY0qoDR0=
  dependencies:
    graceful-fs "^4.1.2"
    retry "^0.10.0"

querystringify@^2.1.1:
  version "2.2.0"
  resolved "https://registry.yarnpkg.com/querystringify/-/querystringify-2.2.0.tgz#3345941b4153cb9d082d8eee4cda2016a9aef7f6"
  integrity sha512-FIqgj2EUvTa7R50u0rGsyTftzjYmv/a3hO345bZNrqabNqjtgiDMgmo4mkUjd+nzU5oF3dClKqFIPUKybUyqoQ==

readdirp@~3.6.0:
  version "3.6.0"
  resolved "https://registry.yarnpkg.com/readdirp/-/readdirp-3.6.0.tgz#74a370bd857116e245b29cc97340cd431a02a6c7"
  integrity sha512-hOS089on8RduqdbhvQ5Z37A0ESjsqz6qnRcffsMU3495FuTdqSm+7bhJ29JvIOsBDEEnan5DPu9t3To9VRlMzA==
  dependencies:
    picomatch "^2.2.1"

requires-port@^1.0.0:
  version "1.0.0"
  resolved "https://registry.yarnpkg.com/requires-port/-/requires-port-1.0.0.tgz#925d2601d39ac485e091cf0da5c6e694dc3dcaff"
  integrity sha1-kl0mAdOaxIXgkc8NpcbmlNw9yv8=

retry@^0.10.0:
  version "0.10.1"
  resolved "https://registry.yarnpkg.com/retry/-/retry-0.10.1.tgz#e76388d217992c252750241d3d3956fed98d8ff4"
  integrity sha1-52OI0heZLCUnUCQdPTlW/tmNj/Q=

sass@^1.50.0:
  version "1.51.0"
  resolved "https://registry.yarnpkg.com/sass/-/sass-1.51.0.tgz#25ea36cf819581fe1fe8329e8c3a4eaaf70d2845"
  integrity sha512-haGdpTgywJTvHC2b91GSq+clTKGbtkkZmVAb82jZQN/wTy6qs8DdFm2lhEQbEwrY0QDRgSQ3xDurqM977C3noA==
  dependencies:
    chokidar ">=3.0.0 <4.0.0"
    immutable "^4.0.0"
    source-map-js ">=0.6.2 <2.0.0"

select@^1.1.2:
  version "1.1.2"
  resolved "https://registry.yarnpkg.com/select/-/select-1.1.2.tgz#0e7350acdec80b1108528786ec1d4418d11b396d"
  integrity sha1-DnNQrN7ICxEIUoeG7B1EGNEbOW0=

socket.io-client@^4.1.3:
  version "4.5.0"
  resolved "https://registry.yarnpkg.com/socket.io-client/-/socket.io-client-4.5.0.tgz#3858b6183bab31c5c4eaf3efd0fa50840ebb4504"
  integrity sha512-HW61c1G7OrYGxaI79WRn17+b03iBCdvhBj4iqyXHBoL5M8w2MSO/vChsjA93knG4GYEai1/vbXWJna9dzxXtSg==
  dependencies:
    "@socket.io/component-emitter" "~3.1.0"
    debug "~4.3.2"
    engine.io-client "~6.2.1"
    socket.io-parser "~4.2.0"

socket.io-parser@~4.2.0:
  version "4.2.0"
  resolved "https://registry.yarnpkg.com/socket.io-parser/-/socket.io-parser-4.2.0.tgz#3f01e5bc525d94aa52a97ed5cbc12e229bbc4d6b"
  integrity sha512-tLfmEwcEwnlQTxFB7jibL/q2+q8dlVQzj4JdRLJ/W/G1+Fu9VSxCx1Lo+n1HvXxKnM//dUuD0xgiA7tQf57Vng==
  dependencies:
    "@socket.io/component-emitter" "~3.1.0"
    debug "~4.3.1"

"source-map-js@>=0.6.2 <2.0.0":
  version "1.0.2"
  resolved "https://registry.yarnpkg.com/source-map-js/-/source-map-js-1.0.2.tgz#adbc361d9c62df380125e7f161f71c826f1e490c"
  integrity sha512-R0XvVJ9WusLiqTCEiGCmICCMplcCkIwwR11mOSD9CR5u+IXYdiseeEuXCVAjS54zqwkLcPNnmU4OeJ6tUrWhDw==

source-map@^0.6.1:
  version "0.6.1"
  resolved "https://registry.yarnpkg.com/source-map/-/source-map-0.6.1.tgz#74722af32e9614e9c287a8d0bbde48b5e2f1a263"
  integrity sha512-UjgapumWlbMhkBgzT7Ykc5YXUT46F0iKu8SGXq0bcwP5dz/h0Plj6enJqjz1Zbq2l5WaqYnrVbwWOWMyF3F47g==

sweetalert2@^10.15.7:
  version "10.16.9"
  resolved "https://registry.yarnpkg.com/sweetalert2/-/sweetalert2-10.16.9.tgz#8ed86f2fa811a136667a48357e204348705be8c9"
  integrity sha512-oNe+md5tmmS3fGfVHa7gVPlun7Td2oANSacnZCeghnrr3OHBi6UPVPU+GFrymwaDqwQspACilLRmRnM7aTjNPA==

tiny-emitter@^2.0.0:
  version "2.1.0"
  resolved "https://registry.yarnpkg.com/tiny-emitter/-/tiny-emitter-2.1.0.tgz#1d1a56edfc51c43e863cbb5382a72330e3555423"
  integrity sha512-NB6Dk1A9xgQPMoGqC5CVXn123gWyte215ONT5Pp5a0yt4nlEoO1ZWeCwpncaekPHXO60i47ihFnZPiRPjRMq4Q==

to-regex-range@^5.0.1:
  version "5.0.1"
  resolved "https://registry.yarnpkg.com/to-regex-range/-/to-regex-range-5.0.1.tgz#1648c44aae7c8d988a326018ed72f5b4dd0392e4"
  integrity sha512-65P7iz6X5yEr1cwcgvQxbbIw7Uk3gOy5dIdtZ4rDveLqhrdJP+Li/Hx6tyK0NEb+2GCyneCMJiGqrADCSNk8sQ==
  dependencies:
    is-number "^7.0.0"

tus-js-client@^2.1.1:
  version "2.3.1"
  resolved "https://registry.yarnpkg.com/tus-js-client/-/tus-js-client-2.3.1.tgz#cee9dcc9dbf3a7d9c1f8ca102ec5d75317465e36"
  integrity sha512-QEM7ySnthWT+wwePLTXVSQP8vBLCy0ZoJNDGFzNlsU+YVoK2WevIZwcRnKyo962xhYMiABe3aMvXvk4Ln+VRzQ==
  dependencies:
    buffer-from "^0.1.1"
    combine-errors "^3.0.3"
    is-stream "^2.0.0"
    js-base64 "^2.6.1"
    lodash.throttle "^4.1.1"
    proper-lockfile "^2.0.1"
    url-parse "^1.5.7"

uglify-js@^3.1.4:
  version "3.15.4"
  resolved "https://registry.yarnpkg.com/uglify-js/-/uglify-js-3.15.4.tgz#fa95c257e88f85614915b906204b9623d4fa340d"
  integrity sha512-vMOPGDuvXecPs34V74qDKk4iJ/SN4vL3Ow/23ixafENYvtrNvtbcgUeugTcUGRGsOF/5fU8/NYSL5Hyb3l1OJA==

uppy@^2.3.3:
  version "2.9.5"
  resolved "https://registry.yarnpkg.com/uppy/-/uppy-2.9.5.tgz#c0387ef3eca892857bdf98e72d438e8bc5a5b742"
  integrity sha512-S3Ini+8sj2r/WkG9G57JD8URDewMpGTreOrX87DT2d6weLRDJ2xEl4hi0abokdOgKyBMMqE/G0Xzt4VHcFEiWQ==
  dependencies:
    "@uppy/audio" "^0.3.0"
    "@uppy/aws-s3" "^2.0.9"
    "@uppy/aws-s3-multipart" "^2.2.2"
    "@uppy/box" "^1.0.6"
    "@uppy/companion-client" "^2.0.6"
    "@uppy/compressor" "^0.2.5"
    "@uppy/core" "^2.1.10"
    "@uppy/dashboard" "^2.1.4"
    "@uppy/drag-drop" "^2.0.7"
    "@uppy/drop-target" "^1.1.3"
    "@uppy/dropbox" "^2.0.6"
    "@uppy/facebook" "^2.0.6"
    "@uppy/file-input" "^2.0.6"
    "@uppy/form" "^2.0.5"
    "@uppy/golden-retriever" "^2.0.6"
    "@uppy/google-drive" "^2.0.5"
    "@uppy/image-editor" "^1.1.1"
    "@uppy/informer" "^2.0.5"
    "@uppy/instagram" "^2.0.5"
    "@uppy/onedrive" "^2.0.6"
    "@uppy/progress-bar" "^2.0.4"
    "@uppy/provider-views" "^2.0.8"
    "@uppy/redux-dev-tools" "^2.0.3"
    "@uppy/screen-capture" "^2.0.6"
    "@uppy/status-bar" "^2.1.3"
    "@uppy/store-default" "^2.0.3"
    "@uppy/store-redux" "^2.0.3"
    "@uppy/thumbnail-generator" "^2.1.1"
    "@uppy/transloadit" "^2.1.5"
    "@uppy/tus" "^2.2.2"
    "@uppy/unsplash" "^2.0.3"
    "@uppy/url" "^2.0.5"
    "@uppy/webcam" "^2.1.0"
    "@uppy/xhr-upload" "^2.0.7"

url-parse@^1.5.7:
  version "1.5.10"
  resolved "https://registry.yarnpkg.com/url-parse/-/url-parse-1.5.10.tgz#9d3c2f736c1d75dd3bd2be507dcc111f1e2ea9c1"
  integrity sha512-WypcfiRhfeUP9vvF0j6rw0J3hrWrw6iZv3+22h6iRMJ/8z1Tj6XfLP4DsUix5MhMPnXpiHDoKyoZ/bdCkwBCiQ==
  dependencies:
    querystringify "^2.1.1"
    requires-port "^1.0.0"

wildcard@^1.1.0:
  version "1.1.2"
  resolved "https://registry.yarnpkg.com/wildcard/-/wildcard-1.1.2.tgz#a7020453084d8cd2efe70ba9d3696263de1710a5"
  integrity sha1-pwIEUwhNjNLv5wup02liY94XEKU=

wordwrap@^1.0.0:
  version "1.0.0"
  resolved "https://registry.yarnpkg.com/wordwrap/-/wordwrap-1.0.0.tgz#27584810891456a4171c8d0226441ade90cbcaeb"
  integrity sha1-J1hIEIkUVqQXHI0CJkQa3pDLyus=

ws@~8.2.3:
  version "8.2.3"
  resolved "https://registry.yarnpkg.com/ws/-/ws-8.2.3.tgz#63a56456db1b04367d0b721a0b80cae6d8becbba"
  integrity sha512-wBuoj1BDpC6ZQ1B7DWQBYVLphPWkm8i9Y0/3YdHjHKHiohOJ1ws+3OccDWtH+PoC9DZD5WOTrJvNbWvjS6JWaA==

xmlhttprequest-ssl@~2.0.0:
  version "2.0.0"
  resolved "https://registry.yarnpkg.com/xmlhttprequest-ssl/-/xmlhttprequest-ssl-2.0.0.tgz#91360c86b914e67f44dce769180027c0da618c67"
  integrity sha512-QKxVRxiRACQcVuQEYFsI1hhkrMlrXHPegbbd1yn9UHOmRxY+si12nQYzri3vbzt8VdTTRviqcKxcyllFas5z2A==
