# THIS IS AN AUTOGENERATED FILE. DO NOT EDIT THIS FILE DIRECTLY.
# yarn lockfile v1


"@fortawesome/fontawesome-free@^5.15.4":
  version "5.15.4"
  resolved "https://registry.npmjs.org/@fortawesome/fontawesome-free/-/fontawesome-free-5.15.4.tgz"
  integrity sha512-eYm8vijH/hpzr/6/1CJ/V/Eb1xQFW2nnUKArb3z+yUWv7HTwj6M7SP957oMjfZjAHU6qpoNc2wQvIxBLWYa/Jg==

"@hotwired/turbo-rails@^8.0.12":
  version "8.0.12"
  resolved "https://registry.npmjs.org/@hotwired/turbo-rails/-/turbo-rails-8.0.12.tgz"
  integrity sha512-ZXwu9ez+Gd4RQNeHIitqOQgi/LyqY8J4JqsUN0nnYiZDBRq7IreeFdMbz29VdJpIsmYqwooE4cFzPU7QvJkQkA==
  dependencies:
    "@hotwired/turbo" "^8.0.12"
    "@rails/actioncable" "^7.0"

"@hotwired/turbo@^8.0.12":
  version "8.0.12"
  resolved "https://registry.npmjs.org/@hotwired/turbo/-/turbo-8.0.12.tgz"
  integrity sha512-l3BiQRkD7qrnQv6ms6sqPLczvwbQpXt5iAVwjDvX0iumrz6yEonQkNAzNjeDX25/OJMFDTxpHjkJZHGpM9ikWw==

"@popperjs/core@^2.11.8":
  version "2.11.8"
  resolved "https://registry.npmjs.org/@popperjs/core/-/core-2.11.8.tgz"
  integrity sha512-P1st0aksCrn9sGZhp8GMYwBnQsbvAWsZAX44oXNNvLHGqAOcoVxmjZiohstwQ7SqKnbR47akdNi+uleWD8+g6A==

"@rails/actioncable@^7.0":
  version "7.2.200"
  resolved "https://registry.npmjs.org/@rails/actioncable/-/actioncable-7.2.200.tgz"
  integrity sha512-gVmi3MabEa+Bkatvw0/k1Y3WTidcIf3qNbb9L8qc+AmT2UmkVqUZhJpSLvKmH10twCYIGzn7yySW/lOpg81Duw==

"@rails/ujs@^7.0.1":
  version "7.1.501"
  resolved "https://registry.yarnpkg.com/@rails/ujs/-/ujs-7.1.501.tgz#e560a7b6885a12a659c4beb47f4336c8a9353056"
  integrity sha512-7EDRGUlgns12IgP3SXVSaxA3CwRzbLOypPXn1EqEZiZ/NS/PwaQ/oa7Z2VRO4B46JifoVr0PYg+G5ERSGQJHxQ==

"@transloadit/prettier-bytes@^0.3.4":
  version "0.3.5"
  resolved "https://registry.npmjs.org/@transloadit/prettier-bytes/-/prettier-bytes-0.3.5.tgz"
  integrity sha512-xF4A3d/ZyX2LJWeQZREZQw+qFX4TGQ8bGVP97OLRt6sPO6T0TNHBFTuRHOJh7RNmYOBmQ9MHxpolD9bXihpuVA==

"@types/jquery@^3.5.16":
  version "3.5.32"
  resolved "https://registry.npmjs.org/@types/jquery/-/jquery-3.5.32.tgz"
  integrity sha512-b9Xbf4CkMqS02YH8zACqN1xzdxc3cO735Qe5AbSUFmyOiaWAbcpqh9Wna+Uk0vgACvoQHpWDg2rGdHkYPLmCiQ==
  dependencies:
    "@types/sizzle" "*"

"@types/retry@0.12.2":
  version "0.12.2"
  resolved "https://registry.npmjs.org/@types/retry/-/retry-0.12.2.tgz"
  integrity sha512-XISRgDJ2Tc5q4TRqvgJtzsRkFYNJzZrhTdtMoGVBttwzzQJkPnS3WWTFc7kuDRoPtPakl+T+OfdEUjYJj7Jbow==

"@types/sizzle@*":
  version "2.3.9"
  resolved "https://registry.npmjs.org/@types/sizzle/-/sizzle-2.3.9.tgz"
  integrity sha512-xzLEyKB50yqCUPUJkIsrVvoWNfFUbIZI+RspLWt8u+tIW/BetMBZtgV2LY/2o+tYH8dRvQ+eoPf3NdhQCcLE2w==

"@uppy/companion-client@^4.2.0":
  version "4.3.0"
  resolved "https://registry.yarnpkg.com/@uppy/companion-client/-/companion-client-4.3.0.tgz#c38e502c86b4c208c8bf5008a7a40eebb486ac89"
  integrity sha512-S8Fs7KgLE8CEf225S/j28yZTMqVaqvmesX5mrd/I1H0dHzIoruLYC/3q3QnihGbQRxyobUpnBmo67o24+mAc7g==
  dependencies:
    "@uppy/utils" "^6.0.6"
    namespace-emitter "^2.0.1"
    p-retry "^6.1.0"

"@uppy/core@^4.0":
  version "4.3.1"
  resolved "https://registry.yarnpkg.com/@uppy/core/-/core-4.3.1.tgz#1ca0041616afc8a9bf34898c004fb3cde85fad68"
  integrity sha512-vov6agqmZrbmkG6E5LpSGNOeVXP4u0pe3UXCqVBZvU+WPInA264d4+X7NUnD6cF/BHPfckbfKh+60Tm1A40VEg==
  dependencies:
    "@transloadit/prettier-bytes" "^0.3.4"
    "@uppy/store-default" "^4.1.2"
    "@uppy/utils" "^6.0.6"
    lodash "^4.17.21"
    mime-match "^1.0.2"
    namespace-emitter "^2.0.1"
    nanoid "^5.0.0"
    preact "^10.5.13"

"@uppy/dashboard@^4.0":
  version "4.1.3"
  resolved "https://registry.yarnpkg.com/@uppy/dashboard/-/dashboard-4.1.3.tgz#949e0a81c02581da4d7a397e7d27761cc4910f2c"
  integrity sha512-2gNBRp4IVlsxJ1Twsub4KcudZ+I3ETnsukKs8xfk1F/0D0jZrqIZtsEQxL9PtGLOKQpNlnhN3UjXb/okWJRCUQ==
  dependencies:
    "@transloadit/prettier-bytes" "^0.3.4"
    "@uppy/informer" "^4.1.2"
    "@uppy/provider-views" "^4.1.0"
    "@uppy/status-bar" "^4.0.5"
    "@uppy/thumbnail-generator" "^4.0.2"
    "@uppy/utils" "^6.0.5"
    classnames "^2.2.6"
    lodash "^4.17.21"
    memoize-one "^6.0.0"
    nanoid "^5.0.0"
    preact "^10.5.13"
    shallow-equal "^3.0.0"

"@uppy/informer@^4.1.2":
  version "4.1.2"
  resolved "https://registry.yarnpkg.com/@uppy/informer/-/informer-4.1.2.tgz#3943bc8f57bb41eb4436c427b87bd73e5ad10a0f"
  integrity sha512-+fsDuuAivHlF+AXOQpiJMIbavGbAhBfn36SF5q52DlFr9151lWUe2sQ3wR3yCyyRkcq006Xx7oeWnOI+mM/10A==
  dependencies:
    "@uppy/utils" "^6.0.5"
    preact "^10.5.13"

"@uppy/provider-views@^4.1.0":
  version "4.2.0"
  resolved "https://registry.yarnpkg.com/@uppy/provider-views/-/provider-views-4.2.0.tgz#127407105b19f397e3105ee5914da374539a6f65"
  integrity sha512-0em+bAUvcZFV4kHIq154LK1d53rDyiN6cfhXCBQSb65erLlaKX/rmsbiMzvy2/pOhcWltaGlQwVWIoS+tF1G1A==
  dependencies:
    "@uppy/utils" "^6.0.6"
    classnames "^2.2.6"
    nanoid "^5.0.0"
    p-queue "^8.0.0"
    preact "^10.5.13"

"@uppy/status-bar@^4.0.5":
  version "4.0.6"
  resolved "https://registry.yarnpkg.com/@uppy/status-bar/-/status-bar-4.0.6.tgz#e6663867d5ff57b4e48f7c9814625662ad811d94"
  integrity sha512-FuRtew70hfCCQE4sJmMkMGsokIpoU9B4q78L2iF496y531oJ3chhaywgLZhKgIDub2Xiyj2gCPUREi7W3sbA5g==
  dependencies:
    "@transloadit/prettier-bytes" "^0.3.4"
    "@uppy/utils" "^6.0.6"
    classnames "^2.2.6"
    preact "^10.5.13"

"@uppy/store-default@^4.1.2":
  version "4.1.2"
  resolved "https://registry.yarnpkg.com/@uppy/store-default/-/store-default-4.1.2.tgz#047c772b5cd0f0fdbf079bd8f7ecc91b811e3caa"
  integrity sha512-1Zi4S9rZiiEzDw/7TDNtwCWP8Y/6aBtWzKwP6EWH7NHBKX8yGFlQMRDwAXCKaxDxb46L0RNK8nWjOzHM+0Farg==

"@uppy/thumbnail-generator@^4.0.2":
  version "4.0.2"
  resolved "https://registry.yarnpkg.com/@uppy/thumbnail-generator/-/thumbnail-generator-4.0.2.tgz#ac70bd7fd1e95a72b4bc0754c820160d5566d84d"
  integrity sha512-5viK5dxekUTmEaHwRwN3qTBU2bu2uDxMr91gwVoT2niL37erkNau0fFwFpZYuc5V0A9PacP27Jcs7R5a6giTCA==
  dependencies:
    "@uppy/utils" "^6.0.5"
    exifr "^7.0.0"

"@uppy/utils@^6.0.5", "@uppy/utils@^6.0.6":
  version "6.0.6"
  resolved "https://registry.yarnpkg.com/@uppy/utils/-/utils-6.0.6.tgz#c2fc4c6440d7ef8f23b7551c0283496ea0fb2825"
  integrity sha512-7/4jrJTSEth7DKCOZiOEY3JWGTUlwV9Gnrtlp25yJvJ7HbOVQ0ToJUuDz9wCZJ3V2++zfj30JbvBynbOH40WxA==
  dependencies:
    lodash "^4.17.21"
    preact "^10.5.13"

"@uppy/xhr-upload@^4.0":
  version "4.2.3"
  resolved "https://registry.yarnpkg.com/@uppy/xhr-upload/-/xhr-upload-4.2.3.tgz#5e112b0b7ac37f984cb4ba5c76683125b0725b15"
  integrity sha512-XoqrfNCSADvPXcKHeilyEVNOtoWCI6OFaJA2tRp0EL+L9iF4FRr++SvkgJb7xFv04TCTT1h5CDKxGLmnf0e4yg==
  dependencies:
    "@uppy/companion-client" "^4.2.0"
    "@uppy/utils" "^6.0.5"

ace-code@^1.35.0:
  version "1.37.1"
  resolved "https://registry.yarnpkg.com/ace-code/-/ace-code-1.37.1.tgz#3275565e731b2405f5c66291368dd4fd854f64ce"
  integrity sha512-LOOFAsF0GQ8ez+SKFlD1jPE4c4edAtYqDK+xnAZ3xcoMG2P0+y3n88h8T87XUBFNC6ynWzdwvmyMJu81k8q4aw==

anymatch@~3.1.2:
  version "3.1.3"
  resolved "https://registry.npmjs.org/anymatch/-/anymatch-3.1.3.tgz"
  integrity sha512-KMReFUr0B4t+D+OBkjR3KYqvocp2XaSzO55UcB6mgQMd3KbcE+mWTyvVV7D/zsdEbNnV6acZUutkiHQXvTr1Rw==
  dependencies:
    normalize-path "^3.0.0"
    picomatch "^2.0.4"

binary-extensions@^2.0.0:
  version "2.3.0"
  resolved "https://registry.npmjs.org/binary-extensions/-/binary-extensions-2.3.0.tgz"
  integrity sha512-Ceh+7ox5qe7LJuLHoY0feh3pHuUDHAcRUeyL2VYghZwfpkNIy/+8Ocg0a3UuSoYzavmylwuLWQOf3hl0jjMMIw==

bootstrap@^5.0.2:
  version "5.3.3"
  resolved "https://registry.npmjs.org/bootstrap/-/bootstrap-5.3.3.tgz"
  integrity sha512-8HLCdWgyoMguSO9o+aH+iuZ+aht+mzW0u3HIMzVu7Srrpv7EBBxTnrFlSCskwdY1+EOFQSm7uMJhNQHkdPcmjg==

braces@~3.0.2:
  version "3.0.3"
  resolved "https://registry.npmjs.org/braces/-/braces-3.0.3.tgz"
  integrity sha512-yQbXgO/OSZVD2IsiLlro+7Hf6Q18EJrKSEsdoMzKePKXct3gvD8oLcOQdIzGupr5Fj+EDe8gO/lxc1BzfMpxvA==
  dependencies:
    fill-range "^7.1.1"

"chokidar@>=3.0.0 <4.0.0":
  version "3.6.0"
  resolved "https://registry.npmjs.org/chokidar/-/chokidar-3.6.0.tgz"
  integrity sha512-7VT13fmjotKpGipCW9JEQAusEPE+Ei8nl6/g4FBAmIm0GOOLMua9NDDo/DWp0ZAxCr3cPq5ZpBqmPAQgDda2Pw==
  dependencies:
    anymatch "~3.1.2"
    braces "~3.0.2"
    glob-parent "~5.1.2"
    is-binary-path "~2.1.0"
    is-glob "~4.0.1"
    normalize-path "~3.0.0"
    readdirp "~3.6.0"
  optionalDependencies:
    fsevents "~2.3.2"

classnames@^2.2.6:
  version "2.5.1"
  resolved "https://registry.npmjs.org/classnames/-/classnames-2.5.1.tgz"
  integrity sha512-saHYOzhIQs6wy2sVxTM6bUDsQO4F50V9RQ22qBpEdCW+I+/Wmke2HOl6lS6dTpdxVhb88/I6+Hs+438c3lfUow==

clipboard@^2.0.8:
  version "2.0.11"
  resolved "https://registry.npmjs.org/clipboard/-/clipboard-2.0.11.tgz"
  integrity sha512-C+0bbOqkezLIsmWSvlsXS0Q0bmkugu7jcfMIACB+RDEntIzQIkdr148we28AfSloQLRdZlYL/QYyrq05j/3Faw==
  dependencies:
    good-listener "^1.2.2"
    select "^1.1.2"
    tiny-emitter "^2.0.0"

datatables.net-bs@^1.10.23:
  version "1.13.11"
  resolved "https://registry.npmjs.org/datatables.net-bs/-/datatables.net-bs-1.13.11.tgz"
  integrity sha512-oZeXzC2Z+pZc9Wpil6XuuwMPMfllSd+hWEauhKr8q7bTM5fGuBKzAVzSr7Tuo1OzMBZ6NkAb+HSBGCGUn5Qbhg==
  dependencies:
    datatables.net "1.13.11"
    jquery "1.8 - 4"

datatables.net-bs4@^1.10.24, datatables.net-bs4@^1.13.0:
  version "1.13.11"
  resolved "https://registry.npmjs.org/datatables.net-bs4/-/datatables.net-bs4-1.13.11.tgz"
  integrity sha512-1LnxzQDFKpwvBETc8wtUtQ+pUXhs6NJomNST5pRzzHAccckkj9rZeOp3mevKDnDJKuNhBM1Y0rIeZGylJnqh9A==
  dependencies:
    datatables.net "1.13.11"
    jquery "1.8 - 4"

datatables.net-plugins@^1.10.24:
  version "1.13.6"
  resolved "https://registry.npmjs.org/datatables.net-plugins/-/datatables.net-plugins-1.13.6.tgz"
  integrity sha512-CPLH+09OiEAP3PKbZH7u2qcLajgHhy4fBHCdLzjGWJwKbIkhaPu7tby4jZHQXqoolUznbm3TEpJj4eMI1eqcGw==
  dependencies:
    "@types/jquery" "^3.5.16"
    datatables.net "^1.13.2"

datatables.net-select-bs4@^1.3.3:
  version "1.7.1"
  resolved "https://registry.npmjs.org/datatables.net-select-bs4/-/datatables.net-select-bs4-1.7.1.tgz"
  integrity sha512-iHG4C8RdJIpsGIGDCXofUflHN1fa2N0E83MZPuqQXh1ZBkeJzd700rnru2mJXbvFc+wM9vf0Xxr6C5YsYFprgA==
  dependencies:
    datatables.net-bs4 "^1.13.0"
    datatables.net-select "1.7.1"
    jquery ">=1.7"

datatables.net-select@^1.3.3, datatables.net-select@1.7.1:
  version "1.7.1"
  resolved "https://registry.npmjs.org/datatables.net-select/-/datatables.net-select-1.7.1.tgz"
  integrity sha512-yC+GoBDVsnbaFTYKmZ2v5Bftc66zSZCYHbPYZb/ccdvxytEEudjc9R3wn6fgkOrVx3C2X/8keQc4a7EJvdOErg==
  dependencies:
    datatables.net "^1.13.0"
    jquery ">=1.7"

datatables.net@^1.13.0, datatables.net@^1.13.2, datatables.net@1.13.11:
  version "1.13.11"
  resolved "https://registry.npmjs.org/datatables.net/-/datatables.net-1.13.11.tgz"
  integrity sha512-AE6RkMXziRaqzPcu/pl3SJXeRa6fmXQG/fVjuRESujvkzqDCYEeKTTpPMuVJSGYJpPi32WGSphVNNY1G4nSN/g==
  dependencies:
    jquery "1.8 - 4"

delegate@^3.1.2:
  version "3.2.0"
  resolved "https://registry.npmjs.org/delegate/-/delegate-3.2.0.tgz"
  integrity sha512-IofjkYBZaZivn0V8nnsMJGBr4jVLxHDheKSW88PyxS5QC4Vo9ZbZVvhzlSxY87fVq3STR6r+4cGepyHkcWOQSw==

esbuild-linux-64@0.14.54:
  version "0.14.54"
  resolved "https://registry.npmjs.org/esbuild-linux-64/-/esbuild-linux-64-0.14.54.tgz"
  integrity sha512-EgjAgH5HwTbtNsTqQOXWApBaPVdDn7XcK+/PtJwZLT1UmpLoznPd8c5CxqsH2dQK3j05YsB3L17T8vE7cp4cCg==

esbuild@^0.14.36:
  version "0.14.54"
  resolved "https://registry.npmjs.org/esbuild/-/esbuild-0.14.54.tgz"
  integrity sha512-Cy9llcy8DvET5uznocPyqL3BFRrFXSVqbgpMJ9Wz8oVjZlh/zUSNbPRbov0VX7VxN2JH1Oa0uNxZ7eLRb62pJA==
  optionalDependencies:
    "@esbuild/linux-loong64" "0.14.54"
    esbuild-android-64 "0.14.54"
    esbuild-android-arm64 "0.14.54"
    esbuild-darwin-64 "0.14.54"
    esbuild-darwin-arm64 "0.14.54"
    esbuild-freebsd-64 "0.14.54"
    esbuild-freebsd-arm64 "0.14.54"
    esbuild-linux-32 "0.14.54"
    esbuild-linux-64 "0.14.54"
    esbuild-linux-arm "0.14.54"
    esbuild-linux-arm64 "0.14.54"
    esbuild-linux-mips64le "0.14.54"
    esbuild-linux-ppc64le "0.14.54"
    esbuild-linux-riscv64 "0.14.54"
    esbuild-linux-s390x "0.14.54"
    esbuild-netbsd-64 "0.14.54"
    esbuild-openbsd-64 "0.14.54"
    esbuild-sunos-64 "0.14.54"
    esbuild-windows-32 "0.14.54"
    esbuild-windows-64 "0.14.54"
    esbuild-windows-arm64 "0.14.54"

eventemitter3@^5.0.1:
  version "5.0.1"
  resolved "https://registry.npmjs.org/eventemitter3/-/eventemitter3-5.0.1.tgz"
  integrity sha512-GWkBvjiSZK87ELrYOSESUYeVIc9mvLLf/nXalMOS5dYrgZq9o5OVkbZAVM06CVxYsCwH9BDZFPlQTlPA1j4ahA==

exifr@^7.0.0:
  version "7.1.3"
  resolved "https://registry.npmjs.org/exifr/-/exifr-7.1.3.tgz"
  integrity sha512-g/aje2noHivrRSLbAUtBPWFbxKdKhgj/xr1vATDdUXPOFYJlQ62Ft0oy+72V6XLIpDJfHs6gXLbBLAolqOXYRw==

fill-range@^7.1.1:
  version "7.1.1"
  resolved "https://registry.npmjs.org/fill-range/-/fill-range-7.1.1.tgz"
  integrity sha512-YsGpe3WHLK8ZYi4tWDg2Jy3ebRz2rXowDxnld4bkQB00cc/1Zw9AWnC0i9ztDJitivtQvaI9KaLyKrc+hBW0yg==
  dependencies:
    to-regex-range "^5.0.1"

glob-parent@~5.1.2:
  version "5.1.2"
  resolved "https://registry.npmjs.org/glob-parent/-/glob-parent-5.1.2.tgz"
  integrity sha512-AOIgSQCepiJYwP3ARnGx+5VnTu2HBYdzbGP45eLw1vr3zB3vZLeyed1sC9hnbcOc9/SrMyM5RPQrkGz4aS9Zow==
  dependencies:
    is-glob "^4.0.1"

good-listener@^1.2.2:
  version "1.2.2"
  resolved "https://registry.npmjs.org/good-listener/-/good-listener-1.2.2.tgz"
  integrity sha512-goW1b+d9q/HIwbVYZzZ6SsTr4IgE+WA44A0GmPIQstuOrgsFcT7VEJ48nmr9GaRtNu0XTKacFLGnBPAM6Afouw==
  dependencies:
    delegate "^3.1.2"

handlebars@^4.7.7:
  version "4.7.8"
  resolved "https://registry.npmjs.org/handlebars/-/handlebars-4.7.8.tgz"
  integrity sha512-vafaFqs8MZkRrSX7sFVUdo3ap/eNiLnb4IakshzvP56X5Nr1iGKAIqdX6tMlm6HcNRIkr6AxO5jFEoJzzpT8aQ==
  dependencies:
    minimist "^1.2.5"
    neo-async "^2.6.2"
    source-map "^0.6.1"
    wordwrap "^1.0.0"
  optionalDependencies:
    uglify-js "^3.1.4"

http-https@^1.0.0:
  version "1.0.0"
  resolved "https://registry.npmjs.org/http-https/-/http-https-1.0.0.tgz"
  integrity sha512-o0PWwVCSp3O0wS6FvNr6xfBCHgt0m1tvPLFOCc2iFDKTRAXhB7m8klDf7ErowFH8POa6dVdGatKU5I1YYwzUyg==

immutable@^4.0.0:
  version "4.3.7"
  resolved "https://registry.npmjs.org/immutable/-/immutable-4.3.7.tgz"
  integrity sha512-1hqclzwYwjRDFLjcFxOM5AYkkG0rpFPpr1RLPMEuGczoS7YA8gLhy8SWXYRAA/XwfEHpfo3cw5JGioS32fnMRw==

is-binary-path@~2.1.0:
  version "2.1.0"
  resolved "https://registry.npmjs.org/is-binary-path/-/is-binary-path-2.1.0.tgz"
  integrity sha512-ZMERYes6pDydyuGidse7OsHxtbI7WVeUEozgR/g7rd0xUimYNlvZRE/K2MgZTjWy725IfelLeVcEM97mmtRGXw==
  dependencies:
    binary-extensions "^2.0.0"

is-extglob@^2.1.1:
  version "2.1.1"
  resolved "https://registry.npmjs.org/is-extglob/-/is-extglob-2.1.1.tgz"
  integrity sha512-SbKbANkN603Vi4jEZv49LeVJMn4yGwsbzZworEoyEiutsN3nJYdbO36zfhGJ6QEDpOZIFkDtnq5JRxmvl3jsoQ==

is-glob@^4.0.1, is-glob@~4.0.1:
  version "4.0.3"
  resolved "https://registry.npmjs.org/is-glob/-/is-glob-4.0.3.tgz"
  integrity sha512-xelSayHH36ZgE7ZWhli7pW34hNbNl8Ojv5KVmkJD4hBdD3th8Tfk9vYasLM+mXWOZhFkgZfxhLSnrwRr4elSSg==
  dependencies:
    is-extglob "^2.1.1"

is-network-error@^1.0.0:
  version "1.1.0"
  resolved "https://registry.npmjs.org/is-network-error/-/is-network-error-1.1.0.tgz"
  integrity sha512-tUdRRAnhT+OtCZR/LxZelH/C7QtjtFrTu5tXCA8pl55eTUElUHT+GPYV8MBMBvea/j+NxQqVt3LbWMRir7Gx9g==

is-number@^7.0.0:
  version "7.0.0"
  resolved "https://registry.npmjs.org/is-number/-/is-number-7.0.0.tgz"
  integrity sha512-41Cifkg6e8TylSpdtTpeLVMqvSBEVzTttHvERD741+pnZ8ANv0004MRL43QKPDlK9cGvNp6NZWZUBlbGXYxxng==

jquery-ujs@^1.2.2:
  version "1.2.3"
  resolved "https://registry.npmjs.org/jquery-ujs/-/jquery-ujs-1.2.3.tgz"
  integrity sha512-59wvfx5vcCTHMeQT1/OwFiAj+UffLIwjRIoXdpO7Z7BCFGepzq9T9oLVeoItjTqjoXfUrHJvV7QU6pUR+UzOoA==

jquery@^3.5.1, jquery@>=1.7, jquery@>=1.8.0, "jquery@1.8 - 4":
  version "3.7.1"
  resolved "https://registry.npmjs.org/jquery/-/jquery-3.7.1.tgz"
  integrity sha512-m4avr8yL8kmFN8psrbFFFmB/If14iN5o9nw/NgnnM+kybDJpRsAynV2BsfpTYrTRysYUdADVD7CkUUizgkpLfg==

lodash@^4.17.21:
  version "4.17.21"
  resolved "https://registry.npmjs.org/lodash/-/lodash-4.17.21.tgz"
  integrity sha512-v2kDEe57lecTulaDIuNTPy3Ry4gLGJ6Z1O3vE1krgXZNrsQ+LFTGHVxVjcXPs17LhbZVGedAJv8XZ1tvj5FvSg==

memoize-one@^6.0.0:
  version "6.0.0"
  resolved "https://registry.npmjs.org/memoize-one/-/memoize-one-6.0.0.tgz"
  integrity sha512-rkpe71W0N0c0Xz6QD0eJETuWAJGnJ9afsl1srmwPrI+yBCkge5EycXXbYRyvL29zZVUWQCY7InPRCv3GDXuZNw==

mime-match@^1.0.2:
  version "1.0.2"
  resolved "https://registry.npmjs.org/mime-match/-/mime-match-1.0.2.tgz"
  integrity sha512-VXp/ugGDVh3eCLOBCiHZMYWQaTNUHv2IJrut+yXA6+JbLPXHglHwfS/5A5L0ll+jkCY7fIzRJcH6OIunF+c6Cg==
  dependencies:
    wildcard "^1.1.0"

minimist@^1.2.5:
  version "1.2.8"
  resolved "https://registry.npmjs.org/minimist/-/minimist-1.2.8.tgz"
  integrity sha512-2yyAR8qBkN3YuheJanUpWC5U3bb5osDywNB8RzDVlDwDHbocAJveqqj1u8+SVD7jkWT4yvsHCpWqqWqAxb0zCA==

namespace-emitter@^2.0.1:
  version "2.0.1"
  resolved "https://registry.npmjs.org/namespace-emitter/-/namespace-emitter-2.0.1.tgz"
  integrity sha512-N/sMKHniSDJBjfrkbS/tpkPj4RAbvW3mr8UAzvlMHyun93XEm83IAvhWtJVHo+RHn/oO8Job5YN4b+wRjSVp5g==

nanoid@^5.0.0:
  version "5.0.8"

neo-async@^2.6.2:
  version "2.6.2"
  resolved "https://registry.npmjs.org/neo-async/-/neo-async-2.6.2.tgz"
  integrity sha512-Yd3UES5mWCSqR+qNT93S3UoYUkqAZ9lLg8a7g9rimsWmYGK8cVToA4/sF3RrshdyV3sAGMXVUmpMYOw+dLpOuw==

normalize-path@^3.0.0, normalize-path@~3.0.0:
  version "3.0.0"
  resolved "https://registry.npmjs.org/normalize-path/-/normalize-path-3.0.0.tgz"
  integrity sha512-6eZs5Ls3WtCisHWp9S2GUy8dqkpGi4BVSz3GaqiE6ezub0512ESztXUwUB6C6IKbQkY2Pnb/mD4WYojCRwcwLA==

oboe@^2.1.5:
  version "2.1.7"
  resolved "https://registry.npmjs.org/oboe/-/oboe-2.1.7.tgz"
  integrity sha512-Y2oCMU2xgITORaNvIDCvUyn2ZG/5NI19lLjMFThgYzCH+GA/fgYvVcwxAqnZPiMiUrPq64jLzCkBXqKSu/R6MA==
  dependencies:
    http-https "^1.0.0"

p-queue@^8.0.0:
  version "8.0.1"
  resolved "https://registry.npmjs.org/p-queue/-/p-queue-8.0.1.tgz"
  integrity sha512-NXzu9aQJTAzbBqOt2hwsR63ea7yvxJc0PwN/zobNAudYfb1B7R08SzB4TsLeSbUCuG467NhnoT0oO6w1qRO+BA==
  dependencies:
    eventemitter3 "^5.0.1"
    p-timeout "^6.1.2"

p-retry@^6.1.0:
  version "6.2.1"
  resolved "https://registry.npmjs.org/p-retry/-/p-retry-6.2.1.tgz"
  integrity sha512-hEt02O4hUct5wtwg4H4KcWgDdm+l1bOaEy/hWzd8xtXB9BqxTWBBhb+2ImAtH4Cv4rPjV76xN3Zumqk3k3AhhQ==
  dependencies:
    "@types/retry" "0.12.2"
    is-network-error "^1.0.0"
    retry "^0.13.1"

p-timeout@^6.1.2:
  version "6.1.4"
  resolved "https://registry.yarnpkg.com/p-timeout/-/p-timeout-6.1.4.tgz#418e1f4dd833fa96a2e3f532547dd2abdb08dbc2"
  integrity sha512-MyIV3ZA/PmyBN/ud8vV9XzwTrNtR4jFrObymZYnZqMmW0zA8Z17vnT0rBgFE/TlohB+YCHqXMgZzb3Csp49vqg==

picomatch@^2.0.4, picomatch@^2.2.1:
  version "2.3.1"
  resolved "https://registry.npmjs.org/picomatch/-/picomatch-2.3.1.tgz"
  integrity sha512-JU3teHTNjmE2VCGFzuY8EXzCDVwEqB2a8fsIvwaStHhAWJEeVd1o1QD80CU6+ZdEXXSLbSsuLwJjkCBWqRQUVA==

preact@^10.5.13:
  version "10.25.4"
  resolved "https://registry.yarnpkg.com/preact/-/preact-10.25.4.tgz#c1d00bee9d7b9dcd06a2311d9951973b506ae8ac"
  integrity sha512-jLdZDb+Q+odkHJ+MpW/9U5cODzqnB+fy2EiHSZES7ldV5LK7yjlVzTp7R8Xy6W6y75kfK8iWYtFVH7lvjwrCMA==

readdirp@~3.6.0:
  version "3.6.0"
  resolved "https://registry.npmjs.org/readdirp/-/readdirp-3.6.0.tgz"
  integrity sha512-hOS089on8RduqdbhvQ5Z37A0ESjsqz6qnRcffsMU3495FuTdqSm+7bhJ29JvIOsBDEEnan5DPu9t3To9VRlMzA==
  dependencies:
    picomatch "^2.2.1"

retry@^0.13.1:
  version "0.13.1"
  resolved "https://registry.npmjs.org/retry/-/retry-0.13.1.tgz"
  integrity sha512-XQBQ3I8W1Cge0Seh+6gjj03LbmRFWuoszgK9ooCpwYIrhhoO80pfq4cUkU5DkknwfOfFteRwlZ56PYOGYyFWdg==

sass@1.78.0:
  version "1.78.0"
  resolved "https://registry.npmjs.org/sass/-/sass-1.78.0.tgz"
  integrity sha512-AaIqGSrjo5lA2Yg7RvFZrlXDBCp3nV4XP73GrLGvdRWWwk+8H3l0SDvq/5bA4eF+0RFPLuWUk3E+P1U/YqnpsQ==
  dependencies:
    chokidar ">=3.0.0 <4.0.0"
    immutable "^4.0.0"
    source-map-js ">=0.6.2 <2.0.0"

select@^1.1.2:
  version "1.1.2"
  resolved "https://registry.npmjs.org/select/-/select-1.1.2.tgz"
  integrity sha512-OwpTSOfy6xSs1+pwcNrv0RBMOzI39Lp3qQKUTPVVPRjCdNa5JH/oPRiqsesIskK8TVgmRiHwO4KXlV2Li9dANA==

shallow-equal@^3.0.0:
  version "3.1.0"
  resolved "https://registry.npmjs.org/shallow-equal/-/shallow-equal-3.1.0.tgz"
  integrity sha512-pfVOw8QZIXpMbhBWvzBISicvToTiM5WBF1EeAUZDDSb5Dt29yl4AYbyywbJFSEsRUMr7gJaxqCdr4L3tQf9wVg==

"source-map-js@>=0.6.2 <2.0.0":
  version "1.2.1"
  resolved "https://registry.npmjs.org/source-map-js/-/source-map-js-1.2.1.tgz"
  integrity sha512-UXWMKhLOwVKb728IUtQPXxfYU+usdybtUrK/8uGE8CQMvrhOpwvzDBwj0QhSL7MQc7vIsISBG8VQ8+IDQxpfQA==

source-map@^0.6.1:
  version "0.6.1"
  resolved "https://registry.npmjs.org/source-map/-/source-map-0.6.1.tgz"
  integrity sha512-UjgapumWlbMhkBgzT7Ykc5YXUT46F0iKu8SGXq0bcwP5dz/h0Plj6enJqjz1Zbq2l5WaqYnrVbwWOWMyF3F47g==

sweetalert2@10.16.9:
  version "10.16.9"
  resolved "https://registry.npmjs.org/sweetalert2/-/sweetalert2-10.16.9.tgz"
  integrity sha512-oNe+md5tmmS3fGfVHa7gVPlun7Td2oANSacnZCeghnrr3OHBi6UPVPU+GFrymwaDqwQspACilLRmRnM7aTjNPA==

tiny-emitter@^2.0.0:
  version "2.1.0"
  resolved "https://registry.npmjs.org/tiny-emitter/-/tiny-emitter-2.1.0.tgz"
  integrity sha512-NB6Dk1A9xgQPMoGqC5CVXn123gWyte215ONT5Pp5a0yt4nlEoO1ZWeCwpncaekPHXO60i47ihFnZPiRPjRMq4Q==

to-regex-range@^5.0.1:
  version "5.0.1"
  resolved "https://registry.npmjs.org/to-regex-range/-/to-regex-range-5.0.1.tgz"
  integrity sha512-65P7iz6X5yEr1cwcgvQxbbIw7Uk3gOy5dIdtZ4rDveLqhrdJP+Li/Hx6tyK0NEb+2GCyneCMJiGqrADCSNk8sQ==
  dependencies:
    is-number "^7.0.0"

uglify-js@^3.1.4:
  version "3.19.3"
  resolved "https://registry.npmjs.org/uglify-js/-/uglify-js-3.19.3.tgz"
  integrity sha512-v3Xu+yuwBXisp6QYTcH4UbH+xYJXqnq2m/LtQVWKWzYc1iehYnLixoQDN9FH6/j9/oybfd6W9Ghwkl8+UMKTKQ==

wildcard@^1.1.0:
  version "1.1.2"
  resolved "https://registry.npmjs.org/wildcard/-/wildcard-1.1.2.tgz"
  integrity sha512-DXukZJxpHA8LuotRwL0pP1+rS6CS7FF2qStDDE1C7DDg2rLud2PXRMuEDYIPhgEezwnlHNL4c+N6MfMTjCGTng==

wordwrap@^1.0.0:
  version "1.0.0"
  resolved "https://registry.npmjs.org/wordwrap/-/wordwrap-1.0.0.tgz"
  integrity sha512-gvVzJFlPycKc5dZN4yPkP8w7Dc37BtP1yczEneOb4uq34pXZcvrtRTmWV8W+Ume+XCxKgbjM+nevkyFPMybd4Q==
